# This file is @generated by PDM.
# It is not intended for manual editing.

[metadata]
groups = ["default", "dev"]
strategy = []
lock_version = "4.5.0"
content_hash = "sha256:0b64bc6ca74b9b70e8dac26af91086bc49e13fdc9221bb451cd798256458624e"

[[metadata.targets]]
requires_python = ">=3.13"

[[package]]
name = "annotated-types"
version = "0.7.0"
summary = ""
files = [
    {file = "annotated_types-0.7.0-py3-none-any.whl", hash = "sha256:1f02e8b43a8fbbc3f3e0d4f0f4bfc8131bcb4eebe8849b8e5c773f3a1c582a53"},
    {file = "annotated_types-0.7.0.tar.gz", hash = "sha256:aff07c09a53a08bc8cfccb9c85b05f1aa9a2a6f23728d790723543408344ce89"},
]

[[package]]
name = "anyio"
version = "4.9.0"
summary = ""
dependencies = [
    "idna",
    "sniffio",
]
files = [
    {file = "anyio-4.9.0-py3-none-any.whl", hash = "sha256:9f76d541cad6e36af7beb62e978876f3b41e3e04f2c1fbf0884604c0a9c4d93c"},
    {file = "anyio-4.9.0.tar.gz", hash = "sha256:673c0c244e15788651a4ff38710fea9675823028a6f08a5eda409e0c9840a028"},
]

[[package]]
name = "autotyping"
version = "24.9.0"
summary = ""
dependencies = [
    "libcst",
    "typing-extensions",
]
files = [
    {file = "autotyping-24.9.0-py3-none-any.whl", hash = "sha256:9c16b0bcab310a2dfe5228bb01c4d1dd5499e7bf67fc6b7915c35267c665b498"},
    {file = "autotyping-24.9.0.tar.gz", hash = "sha256:d7e9787aca0f69b089431581f703c53210d2cf39e792e2106759d04034c1251b"},
]

[[package]]
name = "blinker"
version = "1.9.0"
summary = ""
files = [
    {file = "blinker-1.9.0-py3-none-any.whl", hash = "sha256:ba0efaa9080b619ff2f3459d1d500c57bddea4a6b424b60a91141db6fd2f08bc"},
    {file = "blinker-1.9.0.tar.gz", hash = "sha256:b4ce2265a7abece45e7cc896e98dbebe6cead56bcf805a3d23136d145f5445bf"},
]

[[package]]
name = "certifi"
version = "2025.1.31"
summary = ""
files = [
    {file = "certifi-2025.1.31-py3-none-any.whl", hash = "sha256:ca78db4565a652026a4db2bcdf68f2fb589ea80d0be70e03929ed730746b84fe"},
    {file = "certifi-2025.1.31.tar.gz", hash = "sha256:3d5da6925056f6f18f119200434a4780a94263f10d1c21d032a6f6b2baa20651"},
]

[[package]]
name = "cfgv"
version = "3.4.0"
summary = ""
files = [
    {file = "cfgv-3.4.0-py2.py3-none-any.whl", hash = "sha256:b7265b1f29fd3316bfcd2b330d63d024f2bfd8bcb8b0272f8e19a504856c48f9"},
    {file = "cfgv-3.4.0.tar.gz", hash = "sha256:e52591d4c5f5dead8e0f673fb16db7949d2cfb3f7da4582893288f0ded8fe560"},
]

[[package]]
name = "charset-normalizer"
version = "3.4.1"
summary = ""
files = [
    {file = "charset_normalizer-3.4.1-cp313-cp313-macosx_10_13_universal2.whl", hash = "sha256:aabfa34badd18f1da5ec1bc2715cadc8dca465868a4e73a0173466b688f29dda"},
    {file = "charset_normalizer-3.4.1-cp313-cp313-manylinux_2_17_aarch64.manylinux2014_aarch64.whl", hash = "sha256:22e14b5d70560b8dd51ec22863f370d1e595ac3d024cb8ad7d308b4cd95f8313"},
    {file = "charset_normalizer-3.4.1-cp313-cp313-manylinux_2_17_ppc64le.manylinux2014_ppc64le.whl", hash = "sha256:8436c508b408b82d87dc5f62496973a1805cd46727c34440b0d29d8a2f50a6c9"},
    {file = "charset_normalizer-3.4.1-cp313-cp313-manylinux_2_17_s390x.manylinux2014_s390x.whl", hash = "sha256:2d074908e1aecee37a7635990b2c6d504cd4766c7bc9fc86d63f9c09af3fa11b"},
    {file = "charset_normalizer-3.4.1-cp313-cp313-manylinux_2_17_x86_64.manylinux2014_x86_64.whl", hash = "sha256:955f8851919303c92343d2f66165294848d57e9bba6cf6e3625485a70a038d11"},
    {file = "charset_normalizer-3.4.1-cp313-cp313-manylinux_2_5_i686.manylinux1_i686.manylinux_2_17_i686.manylinux2014_i686.whl", hash = "sha256:44ecbf16649486d4aebafeaa7ec4c9fed8b88101f4dd612dcaf65d5e815f837f"},
    {file = "charset_normalizer-3.4.1-cp313-cp313-musllinux_1_2_aarch64.whl", hash = "sha256:0924e81d3d5e70f8126529951dac65c1010cdf117bb75eb02dd12339b57749dd"},
    {file = "charset_normalizer-3.4.1-cp313-cp313-musllinux_1_2_i686.whl", hash = "sha256:2967f74ad52c3b98de4c3b32e1a44e32975e008a9cd2a8cc8966d6a5218c5cb2"},
    {file = "charset_normalizer-3.4.1-cp313-cp313-musllinux_1_2_ppc64le.whl", hash = "sha256:c75cb2a3e389853835e84a2d8fb2b81a10645b503eca9bcb98df6b5a43eb8886"},
    {file = "charset_normalizer-3.4.1-cp313-cp313-musllinux_1_2_s390x.whl", hash = "sha256:09b26ae6b1abf0d27570633b2b078a2a20419c99d66fb2823173d73f188ce601"},
    {file = "charset_normalizer-3.4.1-cp313-cp313-musllinux_1_2_x86_64.whl", hash = "sha256:fa88b843d6e211393a37219e6a1c1df99d35e8fd90446f1118f4216e307e48cd"},
    {file = "charset_normalizer-3.4.1-cp313-cp313-win32.whl", hash = "sha256:eb8178fe3dba6450a3e024e95ac49ed3400e506fd4e9e5c32d30adda88cbd407"},
    {file = "charset_normalizer-3.4.1-cp313-cp313-win_amd64.whl", hash = "sha256:b1ac5992a838106edb89654e0aebfc24f5848ae2547d22c2c3f66454daa11971"},
    {file = "charset_normalizer-3.4.1-py3-none-any.whl", hash = "sha256:d98b1668f06378c6dbefec3b92299716b931cd4e6061f3c875a71ced1780ab85"},
    {file = "charset_normalizer-3.4.1.tar.gz", hash = "sha256:44251f18cd68a75b56585dd00dae26183e102cd5e0f9f1466e6df5da2ed64ea3"},
]

[[package]]
name = "click"
version = "8.1.8"
summary = ""
dependencies = [
    "colorama; sys_platform == \"win32\"",
]
files = [
    {file = "click-8.1.8-py3-none-any.whl", hash = "sha256:63c132bbbed01578a06712a2d1f497bb62d9c1c0d329b7903a866228027263b2"},
    {file = "click-8.1.8.tar.gz", hash = "sha256:ed53c9d8990d83c2a27deae68e4ee337473f6330c040a31d4225c9574d16096a"},
]

[[package]]
name = "colorama"
version = "0.4.6"
summary = ""
files = [
    {file = "colorama-0.4.6-py2.py3-none-any.whl", hash = "sha256:4f1d9991f5acc0ca119f9d443620b77f9d6b33703e51011c16baf57afb285fc6"},
    {file = "colorama-0.4.6.tar.gz", hash = "sha256:08695f5cb7ed6e0531a20572697297273c47b8cae5a63ffc6d6ed5c201be6e44"},
]

[[package]]
name = "coverage"
version = "7.8.0"
summary = ""
files = [
    {file = "coverage-7.8.0-cp313-cp313-macosx_10_13_x86_64.whl", hash = "sha256:5ac46d0c2dd5820ce93943a501ac5f6548ea81594777ca585bf002aa8854cacd"},
    {file = "coverage-7.8.0-cp313-cp313-macosx_11_0_arm64.whl", hash = "sha256:771eb7587a0563ca5bb6f622b9ed7f9d07bd08900f7589b4febff05f469bea00"},
    {file = "coverage-7.8.0-cp313-cp313-manylinux_2_17_aarch64.manylinux2014_aarch64.whl", hash = "sha256:42421e04069fb2cbcbca5a696c4050b84a43b05392679d4068acbe65449b5c64"},
    {file = "coverage-7.8.0-cp313-cp313-manylinux_2_5_i686.manylinux1_i686.manylinux_2_17_i686.manylinux2014_i686.whl", hash = "sha256:554fec1199d93ab30adaa751db68acec2b41c5602ac944bb19187cb9a41a8067"},
    {file = "coverage-7.8.0-cp313-cp313-manylinux_2_5_x86_64.manylinux1_x86_64.manylinux_2_17_x86_64.manylinux2014_x86_64.whl", hash = "sha256:5aaeb00761f985007b38cf463b1d160a14a22c34eb3f6a39d9ad6fc27cb73008"},
    {file = "coverage-7.8.0-cp313-cp313-musllinux_1_2_aarch64.whl", hash = "sha256:581a40c7b94921fffd6457ffe532259813fc68eb2bdda60fa8cc343414ce3733"},
    {file = "coverage-7.8.0-cp313-cp313-musllinux_1_2_i686.whl", hash = "sha256:f319bae0321bc838e205bf9e5bc28f0a3165f30c203b610f17ab5552cff90323"},
    {file = "coverage-7.8.0-cp313-cp313-musllinux_1_2_x86_64.whl", hash = "sha256:04bfec25a8ef1c5f41f5e7e5c842f6b615599ca8ba8391ec33a9290d9d2db3a3"},
    {file = "coverage-7.8.0-cp313-cp313-win32.whl", hash = "sha256:dd19608788b50eed889e13a5d71d832edc34fc9dfce606f66e8f9f917eef910d"},
    {file = "coverage-7.8.0-cp313-cp313-win_amd64.whl", hash = "sha256:a9abbccd778d98e9c7e85038e35e91e67f5b520776781d9a1e2ee9d400869487"},
    {file = "coverage-7.8.0-cp313-cp313t-macosx_10_13_x86_64.whl", hash = "sha256:18c5ae6d061ad5b3e7eef4363fb27a0576012a7447af48be6c75b88494c6cf25"},
    {file = "coverage-7.8.0-cp313-cp313t-macosx_11_0_arm64.whl", hash = "sha256:95aa6ae391a22bbbce1b77ddac846c98c5473de0372ba5c463480043a07bff42"},
    {file = "coverage-7.8.0-cp313-cp313t-manylinux_2_17_aarch64.manylinux2014_aarch64.whl", hash = "sha256:e013b07ba1c748dacc2a80e69a46286ff145935f260eb8c72df7185bf048f502"},
    {file = "coverage-7.8.0-cp313-cp313t-manylinux_2_5_i686.manylinux1_i686.manylinux_2_17_i686.manylinux2014_i686.whl", hash = "sha256:d766a4f0e5aa1ba056ec3496243150698dc0481902e2b8559314368717be82b1"},
    {file = "coverage-7.8.0-cp313-cp313t-manylinux_2_5_x86_64.manylinux1_x86_64.manylinux_2_17_x86_64.manylinux2014_x86_64.whl", hash = "sha256:ad80e6b4a0c3cb6f10f29ae4c60e991f424e6b14219d46f1e7d442b938ee68a4"},
    {file = "coverage-7.8.0-cp313-cp313t-musllinux_1_2_aarch64.whl", hash = "sha256:b87eb6fc9e1bb8f98892a2458781348fa37e6925f35bb6ceb9d4afd54ba36c73"},
    {file = "coverage-7.8.0-cp313-cp313t-musllinux_1_2_i686.whl", hash = "sha256:d1ba00ae33be84066cfbe7361d4e04dec78445b2b88bdb734d0d1cbab916025a"},
    {file = "coverage-7.8.0-cp313-cp313t-musllinux_1_2_x86_64.whl", hash = "sha256:f3c38e4e5ccbdc9198aecc766cedbb134b2d89bf64533973678dfcf07effd883"},
    {file = "coverage-7.8.0-cp313-cp313t-win32.whl", hash = "sha256:379fe315e206b14e21db5240f89dc0774bdd3e25c3c58c2c733c99eca96f1ada"},
    {file = "coverage-7.8.0-cp313-cp313t-win_amd64.whl", hash = "sha256:2e4b6b87bb0c846a9315e3ab4be2d52fac905100565f4b92f02c445c8799e257"},
    {file = "coverage-7.8.0-py3-none-any.whl", hash = "sha256:dbf364b4c5e7bae9250528167dfe40219b62e2d573c854d74be213e1e52069f7"},
    {file = "coverage-7.8.0.tar.gz", hash = "sha256:7a3d62b3b03b4b6fd41a085f3574874cf946cb4604d2b4d3e8dca8cd570ca501"},
]

[[package]]
name = "crackerjack"
version = "0.18.2"
summary = ""
dependencies = [
    "autotyping",
    "pdm",
    "pdm-bump",
    "pre-commit",
    "pydantic",
    "pytest",
    "pytest-asyncio",
    "pytest-cov",
    "pytest-mock",
    "pytest-timeout",
    "rich",
    "tomli-w",
    "typer",
    "uv",
]
files = [
    {file = "crackerjack-0.18.2-py3-none-any.whl", hash = "sha256:c279860f9b256217c318ea1514a5860357df4349b0d24af31ff64e0eb855603e"},
    {file = "crackerjack-0.18.2.tar.gz", hash = "sha256:9b9a346a3f91ae50a5755a331848803a6416b7d6231e723988ae48fe30389718"},
]

[[package]]
name = "dep-logic"
version = "0.5.0"
summary = ""
dependencies = [
    "packaging",
]
files = [
    {file = "dep_logic-0.5.0-py3-none-any.whl", hash = "sha256:f16a73ec5baf1f126e253f6a6249c80999818e608f84677736591ac623c516a6"},
    {file = "dep_logic-0.5.0.tar.gz", hash = "sha256:be92e772f15d2563edd6b8694a6818846ad2822310dfc8f39cd20ebb0b03e329"},
]

[[package]]
name = "distlib"
version = "0.3.9"
summary = ""
files = [
    {file = "distlib-0.3.9-py2.py3-none-any.whl", hash = "sha256:47f8c22fd27c27e25a65601af709b38e4f0a45ea4fc2e710f65755fa8caaaf87"},
    {file = "distlib-0.3.9.tar.gz", hash = "sha256:a60f20dea646b8a33f3e7772f74dc0b2d0772d2837ee1342a00645c81edf9403"},
]

[[package]]
name = "filelock"
version = "3.18.0"
summary = ""
files = [
    {file = "filelock-3.18.0-py3-none-any.whl", hash = "sha256:c401f4f8377c4464e6db25fff06205fd89bdd83b65eb0488ed1b160f780e21de"},
    {file = "filelock-3.18.0.tar.gz", hash = "sha256:adbc88eabb99d2fec8c9c1b229b171f18afa655400173ddc653d5d01501fb9f2"},
]

[[package]]
name = "findpython"
version = "0.6.3"
summary = ""
dependencies = [
    "packaging",
]
files = [
    {file = "findpython-0.6.3-py3-none-any.whl", hash = "sha256:a85bb589b559cdf1b87227cc233736eb7cad894b9e68021ee498850611939ebc"},
    {file = "findpython-0.6.3.tar.gz", hash = "sha256:5863ea55556d8aadc693481a14ac4f3624952719efc1c5591abb0b4a9e965c94"},
]

[[package]]
name = "h11"
version = "0.14.0"
summary = ""
files = [
    {file = "h11-0.14.0-py3-none-any.whl", hash = "sha256:e3fe4ac4b851c468cc8363d500db52c2ead036020723024a109d37346efaa761"},
    {file = "h11-0.14.0.tar.gz", hash = "sha256:8f19fbbe99e72420ff35c00b27a34cb9937e902a8b810e2c88300c6f0a3b699d"},
]

[[package]]
name = "hishel"
version = "0.1.2"
summary = ""
dependencies = [
    "httpx",
]
files = [
    {file = "hishel-0.1.2-py3-none-any.whl", hash = "sha256:802b4e446017f4867efdb26d3417670991ad1b4826d24331110871fe8957b5d0"},
    {file = "hishel-0.1.2.tar.gz", hash = "sha256:6643450bfb1cfa2ecd6002769f6f5069d0d048c9c1f1e29a98a48302d5875092"},
]

[[package]]
name = "httpcore"
version = "1.0.8"
summary = ""
dependencies = [
    "certifi",
    "h11",
]
files = [
    {file = "httpcore-1.0.8-py3-none-any.whl", hash = "sha256:5254cf149bcb5f75e9d1b2b9f729ea4a4b883d1ad7379fc632b727cec23674be"},
    {file = "httpcore-1.0.8.tar.gz", hash = "sha256:86e94505ed24ea06514883fd44d2bc02d90e77e7979c8eb71b90f41d364a1bad"},
]

[[package]]
name = "httpx"
version = "0.28.1"
summary = ""
dependencies = [
    "anyio",
    "certifi",
    "httpcore",
    "idna",
]
files = [
    {file = "httpx-0.28.1-py3-none-any.whl", hash = "sha256:d909fcccc110f8c7faf814ca82a9a4d816bc5a6dbfea25d6591d6985b8ba59ad"},
    {file = "httpx-0.28.1.tar.gz", hash = "sha256:75e98c5f16b0f35b567856f597f06ff2270a374470a5c2392242528e3e3e42fc"},
]

[[package]]
name = "httpx"
version = "0.28.1"
extras = ["socks"]
summary = ""
dependencies = [
    "httpx==0.28.1",
    "socksio",
]
files = [
    {file = "httpx-0.28.1-py3-none-any.whl", hash = "sha256:d909fcccc110f8c7faf814ca82a9a4d816bc5a6dbfea25d6591d6985b8ba59ad"},
    {file = "httpx-0.28.1.tar.gz", hash = "sha256:75e98c5f16b0f35b567856f597f06ff2270a374470a5c2392242528e3e3e42fc"},
]

[[package]]
name = "id"
version = "1.5.0"
summary = ""
dependencies = [
    "requests",
]
files = [
    {file = "id-1.5.0-py3-none-any.whl", hash = "sha256:f1434e1cef91f2cbb8a4ec64663d5a23b9ed43ef44c4c957d02583d61714c658"},
    {file = "id-1.5.0.tar.gz", hash = "sha256:292cb8a49eacbbdbce97244f47a97b4c62540169c976552e497fd57df0734c1d"},
]

[[package]]
name = "identify"
version = "2.6.10"
summary = ""
files = [
    {file = "identify-2.6.10-py2.py3-none-any.whl", hash = "sha256:5f34248f54136beed1a7ba6a6b5c4b6cf21ff495aac7c359e1ef831ae3b8ab25"},
    {file = "identify-2.6.10.tar.gz", hash = "sha256:45e92fd704f3da71cc3880036633f48b4b7265fd4de2b57627cb157216eb7eb8"},
]

[[package]]
name = "idna"
version = "3.10"
summary = ""
files = [
    {file = "idna-3.10-py3-none-any.whl", hash = "sha256:946d195a0d259cbba61165e88e65941f16e9b36ea6ddb97f00452bae8b1287d3"},
    {file = "idna-3.10.tar.gz", hash = "sha256:12f65c9b470abda6dc35cf8e63cc574b1c52b11df2c86030af0ac09b01b13ea9"},
]

[[package]]
name = "iniconfig"
version = "2.1.0"
summary = ""
files = [
    {file = "iniconfig-2.1.0-py3-none-any.whl", hash = "sha256:9deba5723312380e77435581c6bf4935c94cbfab9b1ed33ef8d238ea168eb760"},
    {file = "iniconfig-2.1.0.tar.gz", hash = "sha256:3abbd2e30b36733fee78f9c7f7308f2d0050e88f0087fd25c2645f63c773e1c7"},
]

[[package]]
name = "installer"
version = "0.7.0"
summary = ""
files = [
    {file = "installer-0.7.0-py3-none-any.whl", hash = "sha256:05d1933f0a5ba7d8d6296bb6d5018e7c94fa473ceb10cf198a92ccea19c27b53"},
    {file = "installer-0.7.0.tar.gz", hash = "sha256:a26d3e3116289bb08216e0d0f7d925fcef0b0194eedfa0c944bcaaa106c4b631"},
]

[[package]]
name = "jinja2"
version = "3.1.6"
summary = ""
dependencies = [
    "markupsafe",
]
files = [
    {file = "jinja2-3.1.6-py3-none-any.whl", hash = "sha256:85ece4451f492d0c13c5dd7c13a64681a86afae63a5f347908daf103ce6d2f67"},
    {file = "jinja2-3.1.6.tar.gz", hash = "sha256:0137fb05990d35f1275a587e9aee6d56da821fc83491a0fb838183be43f66d6d"},
]

[[package]]
name = "jinja2-async-environment"
version = "0.11.8"
summary = ""
dependencies = [
    "anyio",
    "jinja2",
    "redis",
]
files = [
    {file = "jinja2_async_environment-0.11.8-py3-none-any.whl", hash = "sha256:1f2bb6a06eb2905dfcfd24dfb1c210ea3299e56e38aea6a0cd68c645030e5b2a"},
    {file = "jinja2_async_environment-0.11.8.tar.gz", hash = "sha256:67579c34676a1bb4c8033a47039f52c649c7632b3603db55b0a4026fede1cae6"},
]

[[package]]
name = "libcst"
version = "1.7.0"
summary = ""
dependencies = [
    "pyyaml",
]
files = [
    {file = "libcst-1.7.0-cp313-cp313-macosx_11_0_arm64.whl", hash = "sha256:93417d36c2a1b70d651d0e970ff73339e8dcd64d341672b68823fa0039665022"},
    {file = "libcst-1.7.0-cp313-cp313-manylinux_2_17_aarch64.manylinux2014_aarch64.whl", hash = "sha256:6523731bfbdbc045ff8649130fe14a46b31ad6925f67acdc0e0d80a0c61719fd"},
    {file = "libcst-1.7.0-cp313-cp313-manylinux_2_17_x86_64.manylinux2014_x86_64.whl", hash = "sha256:a252fa03ea00986f03100379f11e15d381103a09667900fb0fa2076cec19081a"},
    {file = "libcst-1.7.0-cp313-cp313-manylinux_2_5_i686.manylinux1_i686.manylinux_2_17_i686.manylinux2014_i686.whl", hash = "sha256:09a5530b40a15dbe6fac842ef2ad87ad561760779380ccf3ade6850854d81406"},
    {file = "libcst-1.7.0-cp313-cp313-musllinux_1_2_aarch64.whl", hash = "sha256:0456381c939169c4f11caecdb30f7aca6f234640731f8f965849c1631930536b"},
    {file = "libcst-1.7.0-cp313-cp313-musllinux_1_2_x86_64.whl", hash = "sha256:c8d6176a667d2db0132d133dad6bbf965f915f3071559342ca2cdbbec537ed12"},
    {file = "libcst-1.7.0-cp313-cp313-win_amd64.whl", hash = "sha256:6137fe549bfbb017283c3cf85419eb0dfaa20a211ad6d525538a2494e248a84b"},
    {file = "libcst-1.7.0.tar.gz", hash = "sha256:a63f44ffa81292f183656234c7f2848653ff45c17d867db83c9335119e28aafa"},
]

[[package]]
name = "markdown-it-py"
version = "3.0.0"
summary = ""
dependencies = [
    "mdurl",
]
files = [
    {file = "markdown-it-py-3.0.0.tar.gz", hash = "sha256:e3f60a94fa066dc52ec76661e37c851cb232d92f9886b15cb560aaada2df8feb"},
    {file = "markdown_it_py-3.0.0-py3-none-any.whl", hash = "sha256:355216845c60bd96232cd8d8c40e8f9765cc86f46880e43a8fd22dc1a1a8cab1"},
]

[[package]]
name = "markupsafe"
version = "3.0.2"
summary = ""
files = [
    {file = "MarkupSafe-3.0.2-cp313-cp313-macosx_10_13_universal2.whl", hash = "sha256:ba9527cdd4c926ed0760bc301f6728ef34d841f405abf9d4f959c478421e4efd"},
    {file = "MarkupSafe-3.0.2-cp313-cp313-macosx_11_0_arm64.whl", hash = "sha256:f8b3d067f2e40fe93e1ccdd6b2e1d16c43140e76f02fb1319a05cf2b79d99430"},
    {file = "MarkupSafe-3.0.2-cp313-cp313-manylinux_2_17_aarch64.manylinux2014_aarch64.whl", hash = "sha256:569511d3b58c8791ab4c2e1285575265991e6d8f8700c7be0e88f86cb0672094"},
    {file = "MarkupSafe-3.0.2-cp313-cp313-manylinux_2_17_x86_64.manylinux2014_x86_64.whl", hash = "sha256:15ab75ef81add55874e7ab7055e9c397312385bd9ced94920f2802310c930396"},
    {file = "MarkupSafe-3.0.2-cp313-cp313-manylinux_2_5_i686.manylinux1_i686.manylinux_2_17_i686.manylinux2014_i686.whl", hash = "sha256:f3818cb119498c0678015754eba762e0d61e5b52d34c8b13d770f0719f7b1d79"},
    {file = "MarkupSafe-3.0.2-cp313-cp313-musllinux_1_2_aarch64.whl", hash = "sha256:cdb82a876c47801bb54a690c5ae105a46b392ac6099881cdfb9f6e95e4014c6a"},
    {file = "MarkupSafe-3.0.2-cp313-cp313-musllinux_1_2_i686.whl", hash = "sha256:cabc348d87e913db6ab4aa100f01b08f481097838bdddf7c7a84b7575b7309ca"},
    {file = "MarkupSafe-3.0.2-cp313-cp313-musllinux_1_2_x86_64.whl", hash = "sha256:444dcda765c8a838eaae23112db52f1efaf750daddb2d9ca300bcae1039adc5c"},
    {file = "MarkupSafe-3.0.2-cp313-cp313-win32.whl", hash = "sha256:bcf3e58998965654fdaff38e58584d8937aa3096ab5354d493c77d1fdd66d7a1"},
    {file = "MarkupSafe-3.0.2-cp313-cp313-win_amd64.whl", hash = "sha256:e6a2a455bd412959b57a172ce6328d2dd1f01cb2135efda2e4576e8a23fa3b0f"},
    {file = "MarkupSafe-3.0.2-cp313-cp313t-macosx_10_13_universal2.whl", hash = "sha256:b5a6b3ada725cea8a5e634536b1b01c30bcdcd7f9c6fff4151548d5bf6b3a36c"},
    {file = "MarkupSafe-3.0.2-cp313-cp313t-macosx_11_0_arm64.whl", hash = "sha256:a904af0a6162c73e3edcb969eeeb53a63ceeb5d8cf642fade7d39e7963a22ddb"},
    {file = "MarkupSafe-3.0.2-cp313-cp313t-manylinux_2_17_aarch64.manylinux2014_aarch64.whl", hash = "sha256:4aa4e5faecf353ed117801a068ebab7b7e09ffb6e1d5e412dc852e0da018126c"},
    {file = "MarkupSafe-3.0.2-cp313-cp313t-manylinux_2_17_x86_64.manylinux2014_x86_64.whl", hash = "sha256:c0ef13eaeee5b615fb07c9a7dadb38eac06a0608b41570d8ade51c56539e509d"},
    {file = "MarkupSafe-3.0.2-cp313-cp313t-manylinux_2_5_i686.manylinux1_i686.manylinux_2_17_i686.manylinux2014_i686.whl", hash = "sha256:d16a81a06776313e817c951135cf7340a3e91e8c1ff2fac444cfd75fffa04afe"},
    {file = "MarkupSafe-3.0.2-cp313-cp313t-musllinux_1_2_aarch64.whl", hash = "sha256:6381026f158fdb7c72a168278597a5e3a5222e83ea18f543112b2662a9b699c5"},
    {file = "MarkupSafe-3.0.2-cp313-cp313t-musllinux_1_2_i686.whl", hash = "sha256:3d79d162e7be8f996986c064d1c7c817f6df3a77fe3d6859f6f9e7be4b8c213a"},
    {file = "MarkupSafe-3.0.2-cp313-cp313t-musllinux_1_2_x86_64.whl", hash = "sha256:131a3c7689c85f5ad20f9f6fb1b866f402c445b220c19fe4308c0b147ccd2ad9"},
    {file = "MarkupSafe-3.0.2-cp313-cp313t-win32.whl", hash = "sha256:ba8062ed2cf21c07a9e295d5b8a2a5ce678b913b45fdf68c32d95d6c1291e0b6"},
    {file = "MarkupSafe-3.0.2-cp313-cp313t-win_amd64.whl", hash = "sha256:e444a31f8db13eb18ada366ab3cf45fd4b31e4db1236a4448f68778c1d1a5a2f"},
    {file = "markupsafe-3.0.2.tar.gz", hash = "sha256:ee55d3edf80167e48ea11a923c7386f4669df67d7994554387f84e7d8b0a2bf0"},
]

[[package]]
name = "mdurl"
version = "0.1.2"
summary = ""
files = [
    {file = "mdurl-0.1.2-py3-none-any.whl", hash = "sha256:84008a41e51615a49fc9966191ff91509e3c40b939176e643fd50a5c2196b8f8"},
    {file = "mdurl-0.1.2.tar.gz", hash = "sha256:bb413d29f5eea38f31dd4754dd7377d4465116fb207585f97bf925588687c1ba"},
]

[[package]]
name = "msgpack"
version = "1.1.0"
summary = ""
files = [
    {file = "msgpack-1.1.0-cp313-cp313-macosx_10_13_universal2.whl", hash = "sha256:071603e2f0771c45ad9bc65719291c568d4edf120b44eb36324dcb02a13bfddf"},
    {file = "msgpack-1.1.0-cp313-cp313-macosx_10_13_x86_64.whl", hash = "sha256:0f92a83b84e7c0749e3f12821949d79485971f087604178026085f60ce109330"},
    {file = "msgpack-1.1.0-cp313-cp313-macosx_11_0_arm64.whl", hash = "sha256:4a1964df7b81285d00a84da4e70cb1383f2e665e0f1f2a7027e683956d04b734"},
    {file = "msgpack-1.1.0-cp313-cp313-manylinux_2_17_aarch64.manylinux2014_aarch64.whl", hash = "sha256:59caf6a4ed0d164055ccff8fe31eddc0ebc07cf7326a2aaa0dbf7a4001cd823e"},
    {file = "msgpack-1.1.0-cp313-cp313-manylinux_2_17_x86_64.manylinux2014_x86_64.whl", hash = "sha256:0907e1a7119b337971a689153665764adc34e89175f9a34793307d9def08e6ca"},
    {file = "msgpack-1.1.0-cp313-cp313-manylinux_2_5_i686.manylinux1_i686.manylinux_2_17_i686.manylinux2014_i686.whl", hash = "sha256:65553c9b6da8166e819a6aa90ad15288599b340f91d18f60b2061f402b9a4915"},
    {file = "msgpack-1.1.0-cp313-cp313-musllinux_1_2_aarch64.whl", hash = "sha256:7a946a8992941fea80ed4beae6bff74ffd7ee129a90b4dd5cf9c476a30e9708d"},
    {file = "msgpack-1.1.0-cp313-cp313-musllinux_1_2_i686.whl", hash = "sha256:4b51405e36e075193bc051315dbf29168d6141ae2500ba8cd80a522964e31434"},
    {file = "msgpack-1.1.0-cp313-cp313-musllinux_1_2_x86_64.whl", hash = "sha256:b4c01941fd2ff87c2a934ee6055bda4ed353a7846b8d4f341c428109e9fcde8c"},
    {file = "msgpack-1.1.0-cp313-cp313-win32.whl", hash = "sha256:7c9a35ce2c2573bada929e0b7b3576de647b0defbd25f5139dcdaba0ae35a4cc"},
    {file = "msgpack-1.1.0-cp313-cp313-win_amd64.whl", hash = "sha256:bce7d9e614a04d0883af0b3d4d501171fbfca038f12c77fa838d9f198147a23f"},
    {file = "msgpack-1.1.0.tar.gz", hash = "sha256:dd432ccc2c72b914e4cb77afce64aab761c1137cc698be3984eee260bcb2896e"},
]

[[package]]
name = "msgspec"
version = "0.19.0"
summary = ""
files = [
    {file = "msgspec-0.19.0-cp313-cp313-macosx_10_13_x86_64.whl", hash = "sha256:f12d30dd6266557aaaf0aa0f9580a9a8fbeadfa83699c487713e355ec5f0bd86"},
    {file = "msgspec-0.19.0-cp313-cp313-macosx_11_0_arm64.whl", hash = "sha256:82b2c42c1b9ebc89e822e7e13bbe9d17ede0c23c187469fdd9505afd5a481314"},
    {file = "msgspec-0.19.0-cp313-cp313-manylinux_2_17_aarch64.manylinux2014_aarch64.whl", hash = "sha256:19746b50be214a54239aab822964f2ac81e38b0055cca94808359d779338c10e"},
    {file = "msgspec-0.19.0-cp313-cp313-manylinux_2_17_x86_64.manylinux2014_x86_64.whl", hash = "sha256:60ef4bdb0ec8e4ad62e5a1f95230c08efb1f64f32e6e8dd2ced685bcc73858b5"},
    {file = "msgspec-0.19.0-cp313-cp313-musllinux_1_2_aarch64.whl", hash = "sha256:ac7f7c377c122b649f7545810c6cd1b47586e3aa3059126ce3516ac7ccc6a6a9"},
    {file = "msgspec-0.19.0-cp313-cp313-musllinux_1_2_x86_64.whl", hash = "sha256:a5bc1472223a643f5ffb5bf46ccdede7f9795078194f14edd69e3aab7020d327"},
    {file = "msgspec-0.19.0-cp313-cp313-win_amd64.whl", hash = "sha256:317050bc0f7739cb30d257ff09152ca309bf5a369854bbf1e57dffc310c1f20f"},
    {file = "msgspec-0.19.0.tar.gz", hash = "sha256:604037e7cd475345848116e89c553aa9a233259733ab51986ac924ab1b976f8e"},
]

[[package]]
name = "nodeenv"
version = "1.9.1"
summary = ""
files = [
    {file = "nodeenv-1.9.1-py2.py3-none-any.whl", hash = "sha256:ba11c9782d29c27c70ffbdda2d7415098754709be8a7056d79a737cd901155c9"},
    {file = "nodeenv-1.9.1.tar.gz", hash = "sha256:6ec12890a2dab7946721edbfbcd91f3319c6ccc9aec47be7c7e6b7011ee6645f"},
]

[[package]]
name = "packaging"
version = "25.0"
summary = ""
files = [
    {file = "packaging-25.0-py3-none-any.whl", hash = "sha256:29572ef2b1f17581046b3a2227d5c611fb25ec70ca1ba8554b24b0e69331a484"},
    {file = "packaging-25.0.tar.gz", hash = "sha256:d443872c98d677bf60f6a1f2f8c1cb748e8fe762d2bf9d3148b5599295b0fc4f"},
]

[[package]]
name = "pbs-installer"
version = "2025.4.9"
summary = ""
files = [
    {file = "pbs_installer-2025.4.9-py3-none-any.whl", hash = "sha256:af110b398248584422f46760ce1e3793622fe3fbcde47aacd22e35baf8c3db1d"},
    {file = "pbs_installer-2025.4.9.tar.gz", hash = "sha256:15755bc94769a544af5dda155f973c70caf76f0e70b21f3c8a8ed506f102f88f"},
]

[[package]]
name = "pdm"
version = "2.24.1"
summary = ""
dependencies = [
    "blinker",
    "certifi",
    "dep-logic",
    "filelock",
    "findpython",
    "hishel",
    "httpcore",
    "httpx",
    "id",
    "installer",
    "msgpack",
    "packaging",
    "pbs-installer",
    "platformdirs",
    "pyproject-hooks",
    "python-dotenv",
    "resolvelib",
    "rich",
    "shellingham",
    "tomlkit",
    "truststore",
    "unearth",
    "virtualenv",
]
files = [
    {file = "pdm-2.24.1-py3-none-any.whl", hash = "sha256:4e496d6396de0633e011c33f971db08fc8f3b5b4c794163e4d867cf411960f16"},
    {file = "pdm-2.24.1.tar.gz", hash = "sha256:fc8adf011caa4ee2b0f25dabf890152aa4153cc21599ea67fe0c14e533dcd6d9"},
]

[[package]]
name = "pdm-bump"
version = "0.9.12"
summary = ""
dependencies = [
    "annotated-types",
    "pdm",
    "pdm-pfsc",
    "pyproject-metadata",
    "tomlkit",
]
files = [
    {file = "pdm_bump-0.9.12-py3-none-any.whl", hash = "sha256:a830a0c234284d8eb04b0f5c53dc77b2bdee1329783040fab16edede40abe77c"},
    {file = "pdm_bump-0.9.12.tar.gz", hash = "sha256:057687574002d82747c9f02a013fc1cab34fcab35502f96af8efe5f6c79b12ca"},
]

[[package]]
name = "pdm-pfsc"
version = "0.12.3"
summary = ""
dependencies = [
    "pdm",
    "pyproject-metadata",
]
files = [
    {file = "pdm_pfsc-0.12.3-py3-none-any.whl", hash = "sha256:f1811cc8e80d3d4414a239f6d484daf1accca934448d7cbfd11d2b3698cd23fe"},
]

[[package]]
name = "platformdirs"
version = "4.3.7"
summary = ""
files = [
    {file = "platformdirs-4.3.7-py3-none-any.whl", hash = "sha256:a03875334331946f13c549dbd8f4bac7a13a50a895a0eb1e8c6a8ace80d40a94"},
    {file = "platformdirs-4.3.7.tar.gz", hash = "sha256:eb437d586b6a0986388f0d6f74aa0cde27b48d0e3d66843640bfb6bdcdb6e351"},
]

[[package]]
name = "pluggy"
version = "1.5.0"
summary = ""
files = [
    {file = "pluggy-1.5.0-py3-none-any.whl", hash = "sha256:44e1ad92c8ca002de6377e165f3e0f1be63266ab4d554740532335b9d75ea669"},
    {file = "pluggy-1.5.0.tar.gz", hash = "sha256:2cffa88e94fdc978c4c574f15f9e59b7f4201d439195c3715ca9e2486f1d0cf1"},
]

[[package]]
name = "pre-commit"
version = "4.2.0"
summary = ""
dependencies = [
    "cfgv",
    "identify",
    "nodeenv",
    "pyyaml",
    "virtualenv",
]
files = [
    {file = "pre_commit-4.2.0-py2.py3-none-any.whl", hash = "sha256:a009ca7205f1eb497d10b845e52c838a98b6cdd2102a6c8e4540e94ee75c58bd"},
    {file = "pre_commit-4.2.0.tar.gz", hash = "sha256:601283b9757afd87d40c4c4a9b2b5de9637a8ea02eaff7adc2d0fb4e04841146"},
]

[[package]]
name = "pydantic"
version = "2.11.4"
summary = ""
dependencies = [
    "annotated-types",
    "pydantic-core",
    "typing-extensions",
    "typing-inspection",
]
files = [
    {file = "pydantic-2.11.4-py3-none-any.whl", hash = "sha256:d9615eaa9ac5a063471da949c8fc16376a84afb5024688b3ff885693506764eb"},
    {file = "pydantic-2.11.4.tar.gz", hash = "sha256:32738d19d63a226a52eed76645a98ee07c1f410ee41d93b4afbfa85ed8111c2d"},
]

[[package]]
name = "pydantic-core"
version = "2.33.2"
summary = ""
dependencies = [
    "typing-extensions",
]
files = [
    {file = "pydantic_core-2.33.2-cp313-cp313-macosx_10_12_x86_64.whl", hash = "sha256:1082dd3e2d7109ad8b7da48e1d4710c8d06c253cbc4a27c1cff4fbcaa97a9e3f"},
    {file = "pydantic_core-2.33.2-cp313-cp313-macosx_11_0_arm64.whl", hash = "sha256:f517ca031dfc037a9c07e748cefd8d96235088b83b4f4ba8939105d20fa1dcd6"},
    {file = "pydantic_core-2.33.2-cp313-cp313-manylinux_2_17_aarch64.manylinux2014_aarch64.whl", hash = "sha256:0a9f2c9dd19656823cb8250b0724ee9c60a82f3cdf68a080979d13092a3b0fef"},
    {file = "pydantic_core-2.33.2-cp313-cp313-manylinux_2_17_armv7l.manylinux2014_armv7l.whl", hash = "sha256:2b0a451c263b01acebe51895bfb0e1cc842a5c666efe06cdf13846c7418caa9a"},
    {file = "pydantic_core-2.33.2-cp313-cp313-manylinux_2_17_ppc64le.manylinux2014_ppc64le.whl", hash = "sha256:1ea40a64d23faa25e62a70ad163571c0b342b8bf66d5fa612ac0dec4f069d916"},
    {file = "pydantic_core-2.33.2-cp313-cp313-manylinux_2_17_s390x.manylinux2014_s390x.whl", hash = "sha256:0fb2d542b4d66f9470e8065c5469ec676978d625a8b7a363f07d9a501a9cb36a"},
    {file = "pydantic_core-2.33.2-cp313-cp313-manylinux_2_17_x86_64.manylinux2014_x86_64.whl", hash = "sha256:9fdac5d6ffa1b5a83bca06ffe7583f5576555e6c8b3a91fbd25ea7780f825f7d"},
    {file = "pydantic_core-2.33.2-cp313-cp313-manylinux_2_5_i686.manylinux1_i686.whl", hash = "sha256:04a1a413977ab517154eebb2d326da71638271477d6ad87a769102f7c2488c56"},
    {file = "pydantic_core-2.33.2-cp313-cp313-musllinux_1_1_aarch64.whl", hash = "sha256:c8e7af2f4e0194c22b5b37205bfb293d166a7344a5b0d0eaccebc376546d77d5"},
    {file = "pydantic_core-2.33.2-cp313-cp313-musllinux_1_1_armv7l.whl", hash = "sha256:5c92edd15cd58b3c2d34873597a1e20f13094f59cf88068adb18947df5455b4e"},
    {file = "pydantic_core-2.33.2-cp313-cp313-musllinux_1_1_x86_64.whl", hash = "sha256:65132b7b4a1c0beded5e057324b7e16e10910c106d43675d9bd87d4f38dde162"},
    {file = "pydantic_core-2.33.2-cp313-cp313-win32.whl", hash = "sha256:52fb90784e0a242bb96ec53f42196a17278855b0f31ac7c3cc6f5c1ec4811849"},
    {file = "pydantic_core-2.33.2-cp313-cp313-win_amd64.whl", hash = "sha256:c083a3bdd5a93dfe480f1125926afcdbf2917ae714bdb80b36d34318b2bec5d9"},
    {file = "pydantic_core-2.33.2-cp313-cp313-win_arm64.whl", hash = "sha256:e80b087132752f6b3d714f041ccf74403799d3b23a72722ea2e6ba2e892555b9"},
    {file = "pydantic_core-2.33.2-cp313-cp313t-macosx_11_0_arm64.whl", hash = "sha256:61c18fba8e5e9db3ab908620af374db0ac1baa69f0f32df4f61ae23f15e586ac"},
    {file = "pydantic_core-2.33.2-cp313-cp313t-manylinux_2_17_x86_64.manylinux2014_x86_64.whl", hash = "sha256:95237e53bb015f67b63c91af7518a62a8660376a6a0db19b89acc77a4d6199f5"},
    {file = "pydantic_core-2.33.2-cp313-cp313t-win_amd64.whl", hash = "sha256:c2fc0a768ef76c15ab9238afa6da7f69895bb5d1ee83aeea2e3509af4472d0b9"},
    {file = "pydantic_core-2.33.2.tar.gz", hash = "sha256:7cb8bc3605c29176e1b105350d2e6474142d7c1bd1d9327c4a9bdb46bf827acc"},
]

[[package]]
name = "pygments"
version = "2.19.1"
summary = ""
files = [
    {file = "pygments-2.19.1-py3-none-any.whl", hash = "sha256:9ea1544ad55cecf4b8242fab6dd35a93bbce657034b0611ee383099054ab6d8c"},
    {file = "pygments-2.19.1.tar.gz", hash = "sha256:61c16d2a8576dc0649d9f39e089b5f02bcd27fba10d8fb4dcc28173f7a45151f"},
]

[[package]]
name = "pyproject-hooks"
version = "1.2.0"
summary = ""
files = [
    {file = "pyproject_hooks-1.2.0-py3-none-any.whl", hash = "sha256:9e5c6bfa8dcc30091c74b0cf803c81fdd29d94f01992a7707bc97babb1141913"},
    {file = "pyproject_hooks-1.2.0.tar.gz", hash = "sha256:1e859bd5c40fae9448642dd871adf459e5e2084186e8d2c2a79a824c970da1f8"},
]

[[package]]
name = "pyproject-metadata"
version = "0.9.1"
summary = ""
dependencies = [
    "packaging",
]
files = [
    {file = "pyproject_metadata-0.9.1-py3-none-any.whl", hash = "sha256:ee5efde548c3ed9b75a354fc319d5afd25e9585fa918a34f62f904cc731973ad"},
    {file = "pyproject_metadata-0.9.1.tar.gz", hash = "sha256:b8b2253dd1b7062b78cf949a115f02ba7fa4114aabe63fa10528e9e1a954a816"},
]

[[package]]
name = "pytest"
version = "8.3.5"
summary = ""
dependencies = [
    "colorama; sys_platform == \"win32\"",
    "iniconfig",
    "packaging",
    "pluggy",
]
files = [
    {file = "pytest-8.3.5-py3-none-any.whl", hash = "sha256:c69214aa47deac29fad6c2a4f590b9c4a9fdb16a403176fe154b79c0b4d4d820"},
    {file = "pytest-8.3.5.tar.gz", hash = "sha256:f4efe70cc14e511565ac476b57c279e12a855b11f48f212af1080ef2263d3845"},
]

[[package]]
name = "pytest-asyncio"
version = "0.26.0"
summary = ""
dependencies = [
    "pytest",
]
files = [
    {file = "pytest_asyncio-0.26.0-py3-none-any.whl", hash = "sha256:7b51ed894f4fbea1340262bdae5135797ebbe21d8638978e35d31c6d19f72fb0"},
    {file = "pytest_asyncio-0.26.0.tar.gz", hash = "sha256:c4df2a697648241ff39e7f0e4a73050b03f123f760673956cf0d72a4990e312f"},
]

[[package]]
name = "pytest-cov"
version = "6.1.1"
summary = ""
dependencies = [
    "coverage",
    "pytest",
]
files = [
    {file = "pytest_cov-6.1.1-py3-none-any.whl", hash = "sha256:bddf29ed2d0ab6f4df17b4c55b0a657287db8684af9c42ea546b21b1041b3dde"},
    {file = "pytest_cov-6.1.1.tar.gz", hash = "sha256:46935f7aaefba760e716c2ebfbe1c216240b9592966e7da99ea8292d4d3e2a0a"},
]

[[package]]
name = "pytest-mock"
version = "3.14.0"
summary = ""
dependencies = [
    "pytest",
]
files = [
    {file = "pytest-mock-3.14.0.tar.gz", hash = "sha256:2719255a1efeceadbc056d6bf3df3d1c5015530fb40cf347c0f9afac88410bd0"},
    {file = "pytest_mock-3.14.0-py3-none-any.whl", hash = "sha256:0b72c38033392a5f4621342fe11e9219ac11ec9d375f8e2a0c164539e0d70f6f"},
]

[[package]]
name = "pytest-timeout"
version = "2.4.0"
summary = ""
dependencies = [
    "pytest",
]
files = [
    {file = "pytest_timeout-2.4.0-py3-none-any.whl", hash = "sha256:c42667e5cdadb151aeb5b26d114aff6bdf5a907f176a007a30b940d3d865b5c2"},
    {file = "pytest_timeout-2.4.0.tar.gz", hash = "sha256:7e68e90b01f9eff71332b25001f85c75495fc4e3a836701876183c4bcfd0540a"},
]

[[package]]
name = "python-dotenv"
version = "1.1.0"
summary = ""
files = [
    {file = "python_dotenv-1.1.0-py3-none-any.whl", hash = "sha256:d7c01d9e2293916c18baf562d95698754b0dbbb5e74d457c45d4f6561fb9d55d"},
    {file = "python_dotenv-1.1.0.tar.gz", hash = "sha256:41f90bc6f5f177fb41f53e87666db362025010eb28f60a01c9143bfa33a2b2d5"},
]

[[package]]
name = "pyyaml"
version = "6.0.2"
summary = ""
files = [
    {file = "PyYAML-6.0.2-cp313-cp313-macosx_10_13_x86_64.whl", hash = "sha256:efdca5630322a10774e8e98e1af481aad470dd62c3170801852d752aa7a783ba"},
    {file = "PyYAML-6.0.2-cp313-cp313-macosx_11_0_arm64.whl", hash = "sha256:50187695423ffe49e2deacb8cd10510bc361faac997de9efef88badc3bb9e2d1"},
    {file = "PyYAML-6.0.2-cp313-cp313-manylinux_2_17_aarch64.manylinux2014_aarch64.whl", hash = "sha256:0ffe8360bab4910ef1b9e87fb812d8bc0a308b0d0eef8c8f44e0254ab3b07133"},
    {file = "PyYAML-6.0.2-cp313-cp313-manylinux_2_17_s390x.manylinux2014_s390x.whl", hash = "sha256:17e311b6c678207928d649faa7cb0d7b4c26a0ba73d41e99c4fff6b6c3276484"},
    {file = "PyYAML-6.0.2-cp313-cp313-manylinux_2_17_x86_64.manylinux2014_x86_64.whl", hash = "sha256:70b189594dbe54f75ab3a1acec5f1e3faa7e8cf2f1e08d9b561cb41b845f69d5"},
    {file = "PyYAML-6.0.2-cp313-cp313-musllinux_1_1_aarch64.whl", hash = "sha256:41e4e3953a79407c794916fa277a82531dd93aad34e29c2a514c2c0c5fe971cc"},
    {file = "PyYAML-6.0.2-cp313-cp313-musllinux_1_1_x86_64.whl", hash = "sha256:68ccc6023a3400877818152ad9a1033e3db8625d899c72eacb5a668902e4d652"},
    {file = "PyYAML-6.0.2-cp313-cp313-win32.whl", hash = "sha256:bc2fa7c6b47d6bc618dd7fb02ef6fdedb1090ec036abab80d4681424b84c1183"},
    {file = "PyYAML-6.0.2-cp313-cp313-win_amd64.whl", hash = "sha256:8388ee1976c416731879ac16da0aff3f63b286ffdd57cdeb95f3f2e085687563"},
    {file = "pyyaml-6.0.2.tar.gz", hash = "sha256:d584d9ec91ad65861cc08d42e834324ef890a082e591037abe114850ff7bbc3e"},
]

[[package]]
name = "redis"
version = "6.0.0"
summary = ""
files = [
    {file = "redis-6.0.0-py3-none-any.whl", hash = "sha256:a2e040aee2cdd947be1fa3a32e35a956cd839cc4c1dbbe4b2cdee5b9623fd27c"},
    {file = "redis-6.0.0.tar.gz", hash = "sha256:5446780d2425b787ed89c91ddbfa1be6d32370a636c8fdb687f11b1c26c1fa88"},
]

[[package]]
name = "requests"
version = "2.32.3"
summary = ""
dependencies = [
    "certifi",
    "charset-normalizer",
    "idna",
    "urllib3",
]
files = [
    {file = "requests-2.32.3-py3-none-any.whl", hash = "sha256:70761cfe03c773ceb22aa2f671b4757976145175cdfca038c02654d061d6dcc6"},
    {file = "requests-2.32.3.tar.gz", hash = "sha256:55365417734eb18255590a9ff9eb97e9e1da868d4ccd6402399eaf68af20a760"},
]

[[package]]
name = "resolvelib"
version = "1.1.0"
summary = ""
files = [
    {file = "resolvelib-1.1.0-py2.py3-none-any.whl", hash = "sha256:f80de38ae744bcf4e918e27a681a5c6cb63a08d9a926c0989c0730bcdd089049"},
    {file = "resolvelib-1.1.0.tar.gz", hash = "sha256:b68591ef748f58c1e2a2ac28d0961b3586ae8b25f60b0ba9a5e4f3d87c1d6a79"},
]

[[package]]
name = "rich"
version = "14.0.0"
summary = ""
dependencies = [
    "markdown-it-py",
    "pygments",
]
files = [
    {file = "rich-14.0.0-py3-none-any.whl", hash = "sha256:1c9491e1951aac09caffd42f448ee3d04e58923ffe14993f6e83068dc395d7e0"},
    {file = "rich-14.0.0.tar.gz", hash = "sha256:82f1bc23a6a21ebca4ae0c45af9bdbc492ed20231dcb63f297d6d1021a9d5725"},
]

[[package]]
name = "shellingham"
version = "1.5.4"
summary = ""
files = [
    {file = "shellingham-1.5.4-py2.py3-none-any.whl", hash = "sha256:7ecfff8f2fd72616f7481040475a65b2bf8af90a56c89140852d1120324e8686"},
    {file = "shellingham-1.5.4.tar.gz", hash = "sha256:8dbca0739d487e5bd35ab3ca4b36e11c4078f3a234bfce294b0a0291363404de"},
]

[[package]]
name = "sniffio"
version = "1.3.1"
summary = ""
files = [
    {file = "sniffio-1.3.1-py3-none-any.whl", hash = "sha256:2f6da418d1f1e0fddd844478f41680e794e6051915791a034ff65e5f100525a2"},
    {file = "sniffio-1.3.1.tar.gz", hash = "sha256:f4324edc670a0f49750a81b895f35c3adb843cca46f0530f79fc1babb23789dc"},
]

[[package]]
name = "socksio"
version = "1.0.0"
summary = ""
files = [
    {file = "socksio-1.0.0-py3-none-any.whl", hash = "sha256:95dc1f15f9b34e8d7b16f06d74b8ccf48f609af32ab33c608d08761c5dcbb1f3"},
    {file = "socksio-1.0.0.tar.gz", hash = "sha256:f88beb3da5b5c38b9890469de67d0cb0f9d494b78b106ca1845f96c10b91c4ac"},
]

[[package]]
name = "starlette"
version = "0.46.2"
summary = ""
dependencies = [
    "anyio",
]
files = [
    {file = "starlette-0.46.2-py3-none-any.whl", hash = "sha256:595633ce89f8ffa71a015caed34a5b2dc1c0cdb3f0f1fbd1e69339cf2abeec35"},
    {file = "starlette-0.46.2.tar.gz", hash = "sha256:7f7361f34eed179294600af672f565727419830b54b7b084efe44bb82d2fccd5"},
]

[[package]]
name = "tomli-w"
version = "1.2.0"
summary = ""
files = [
    {file = "tomli_w-1.2.0-py3-none-any.whl", hash = "sha256:188306098d013b691fcadc011abd66727d3c414c571bb01b1a174ba8c983cf90"},
    {file = "tomli_w-1.2.0.tar.gz", hash = "sha256:2dd14fac5a47c27be9cd4c976af5a12d87fb1f0b4512f81d69cce3b35ae25021"},
]

[[package]]
name = "tomlkit"
version = "0.13.2"
summary = ""
files = [
    {file = "tomlkit-0.13.2-py3-none-any.whl", hash = "sha256:7a974427f6e119197f670fbbbeae7bef749a6c14e793db934baefc1b5f03efde"},
    {file = "tomlkit-0.13.2.tar.gz", hash = "sha256:fff5fe59a87295b278abd31bec92c15d9bc4a06885ab12bcea52c71119392e79"},
]

[[package]]
name = "truststore"
version = "0.10.1"
summary = ""
files = [
    {file = "truststore-0.10.1-py3-none-any.whl", hash = "sha256:b64e6025a409a43ebdd2807b0c41c8bff49ea7ae6550b5087ac6df6619352d4c"},
    {file = "truststore-0.10.1.tar.gz", hash = "sha256:eda021616b59021812e800fa0a071e51b266721bef3ce092db8a699e21c63539"},
]

[[package]]
name = "typer"
version = "0.15.3"
summary = ""
dependencies = [
    "click",
    "rich",
    "shellingham",
    "typing-extensions",
]
files = [
    {file = "typer-0.15.3-py3-none-any.whl", hash = "sha256:c86a65ad77ca531f03de08d1b9cb67cd09ad02ddddf4b34745b5008f43b239bd"},
    {file = "typer-0.15.3.tar.gz", hash = "sha256:818873625d0569653438316567861899f7e9972f2e6e0c16dab608345ced713c"},
]

[[package]]
name = "typing-extensions"
version = "4.13.2"
summary = ""
files = [
    {file = "typing_extensions-4.13.2-py3-none-any.whl", hash = "sha256:a439e7c04b49fec3e5d3e2beaa21755cadbbdc391694e28ccdd36ca4a1408f8c"},
    {file = "typing_extensions-4.13.2.tar.gz", hash = "sha256:e6c81219bd689f51865d9e372991c540bda33a0379d5573cddb9a3a23f7caaef"},
]

[[package]]
name = "typing-inspection"
version = "0.4.0"
summary = ""
dependencies = [
    "typing-extensions",
]
files = [
    {file = "typing_inspection-0.4.0-py3-none-any.whl", hash = "sha256:50e72559fcd2a6367a19f7a7e610e6afcb9fac940c650290eed893d61386832f"},
    {file = "typing_inspection-0.4.0.tar.gz", hash = "sha256:9765c87de36671694a67904bf2c96e395be9c6439bb6c87b5142569dcdd65122"},
]

[[package]]
name = "unearth"
version = "0.17.5"
summary = ""
dependencies = [
    "httpx",
    "packaging",
]
files = [
    {file = "unearth-0.17.5-py3-none-any.whl", hash = "sha256:9963e66b14f0484644c9b45b517e530befb2de6a8da4b06a9a38bed2d086dfe6"},
    {file = "unearth-0.17.5.tar.gz", hash = "sha256:a19e1c02e64b40518d088079c7416fc41b45a648b81a4128aac02597234ee6ba"},
]

[[package]]
name = "urllib3"
version = "2.4.0"
summary = ""
files = [
    {file = "urllib3-2.4.0-py3-none-any.whl", hash = "sha256:4e16665048960a0900c702d4a66415956a584919c03361cac9f1df5c5dd7e813"},
    {file = "urllib3-2.4.0.tar.gz", hash = "sha256:414bc6535b787febd7567804cc015fee39daab8ad86268f1310a9250697de466"},
]

[[package]]
name = "uv"
version = "0.7.3"
summary = ""
files = [
    {file = "uv-0.7.3-py3-none-linux_armv6l.whl", hash = "sha256:f37c8a6b172776fb5305afe0699907aff44a778669de7a8fbe5a9c09c1a88a97"},
    {file = "uv-0.7.3-py3-none-macosx_10_12_x86_64.whl", hash = "sha256:3e6e1fd5755d4ef4c6e1ce55bd2c6d9dec278a8bef5752703d702ce03704fe29"},
    {file = "uv-0.7.3-py3-none-macosx_11_0_arm64.whl", hash = "sha256:db8a5d5995b160158405379deadf0ffccf849a5e7ce048900b73517daf109e2c"},
    {file = "uv-0.7.3-py3-none-manylinux_2_17_aarch64.manylinux2014_aarch64.musllinux_1_1_aarch64.whl", hash = "sha256:d246243f348796730e8ea9736ddd48702d4448d98af5e61693063ed616e30378"},
    {file = "uv-0.7.3-py3-none-manylinux_2_17_armv7l.manylinux2014_armv7l.whl", hash = "sha256:acef117a0c52299e60c6f7a3e60849050cd233704c561f688fac1100d113da2e"},
    {file = "uv-0.7.3-py3-none-manylinux_2_17_i686.manylinux2014_i686.whl", hash = "sha256:90990e4c289feee24164c8e463fc0ebc9a336960119cd256acca7c1439f0f536"},
    {file = "uv-0.7.3-py3-none-manylinux_2_17_ppc64.manylinux2014_ppc64.whl", hash = "sha256:4809e5f7f5b2d6423d6573fda5655389c955ca649499fe9750b61af95daf9b7d"},
    {file = "uv-0.7.3-py3-none-manylinux_2_17_ppc64le.manylinux2014_ppc64le.whl", hash = "sha256:acff7fba5ff40dcb5a42de496db92a3965edac7a3d687d9b013ba6e0336995df"},
    {file = "uv-0.7.3-py3-none-manylinux_2_17_s390x.manylinux2014_s390x.whl", hash = "sha256:fbb2d322d453e498e1431c51421cee597962ecd3f93fcef853b258e9c7e7636c"},
    {file = "uv-0.7.3-py3-none-manylinux_2_17_x86_64.manylinux2014_x86_64.whl", hash = "sha256:b1414a026c153ae0731daed0812b17bf77d34eafedaeb3a5c72e08181aea116b"},
    {file = "uv-0.7.3-py3-none-manylinux_2_28_aarch64.whl", hash = "sha256:c976fce3d1068a1d007f50127cc7873d67643c1a60439564970f092d9be41877"},
    {file = "uv-0.7.3-py3-none-musllinux_1_1_armv7l.whl", hash = "sha256:cc27207c35c959d2e0e873e86a80a2470a77b7a34a4512a831e8d4f7c87f4404"},
    {file = "uv-0.7.3-py3-none-musllinux_1_1_i686.whl", hash = "sha256:5eb4872888a9fb10b62cc00be8e84822d63d3e622a5f340248e53ecf321dba96"},
    {file = "uv-0.7.3-py3-none-musllinux_1_1_x86_64.whl", hash = "sha256:0646e463365e7277f22200ce2d43b7a44e5a3192320500b4983b4fe34d69a5fb"},
    {file = "uv-0.7.3-py3-none-win32.whl", hash = "sha256:44e2f3fcbd1ab519bdb68986449b2e3103d2261be95f985cadcf7ec7c510b595"},
    {file = "uv-0.7.3-py3-none-win_amd64.whl", hash = "sha256:0a446d4e5b10ce8a793156a276727bb7affa96a85e80dc5ad34e0c2de7e71cc8"},
    {file = "uv-0.7.3-py3-none-win_arm64.whl", hash = "sha256:cb2547fd1466698e9b4f11de5eef7055b8cbcc3c693d79f6d747e3f8e6be2ab7"},
    {file = "uv-0.7.3.tar.gz", hash = "sha256:863ceb63aefc7c2db9918313a1cb3c8bf3fc3d59b656b617db9e4abad90373f3"},
]

[[package]]
name = "virtualenv"
version = "20.30.0"
summary = ""
dependencies = [
    "distlib",
    "filelock",
    "platformdirs",
]
files = [
    {file = "virtualenv-20.30.0-py3-none-any.whl", hash = "sha256:e34302959180fca3af42d1800df014b35019490b119eba981af27f2fa486e5d6"},
    {file = "virtualenv-20.30.0.tar.gz", hash = "sha256:800863162bcaa5450a6e4d721049730e7f2dae07720e0902b0e4040bd6f9ada8"},
]
