# This file is @generated by PDM.
# It is not intended for manual editing.

[metadata]
groups = ["default", "dev"]
strategy = []
lock_version = "4.5.0"
content_hash = "sha256:a7de963f5fb9f05dc4f639ef9fe4b39c1e99d6cefce305cbeefe3ba15bf22a07"

[[metadata.targets]]
requires_python = ">=3.13"

[[package]]
name = "acb"
version = "0.8.10"
summary = ""
dependencies = [
    "aiopath",
    "arrow",
    "bevy",
    "blake3",
    "brotli",
    "devtools",
    "dill",
    "google-crc32c",
    "icecream",
    "inflection",
    "itsdangerous",
    "loguru",
    "msgspec",
    "nest-asyncio",
    "pydantic",
    "pydantic-settings",
    "pyfiglet",
    "pyyaml",
    "tomli-w",
    "typer",
]
files = [
    {file = "acb-0.8.10-py3-none-any.whl", hash = "sha256:0893b62423bba2f58f01138d2e44f5b910507345527f76bada9786faea61fb4c"},
    {file = "acb-0.8.10.tar.gz", hash = "sha256:5713ed43d5250c0e6b80911a28ba38d29048383da0fcb79652db3726ef81fbb7"},
]

[[package]]
name = "aioconsole"
version = "0.8.1"
summary = ""
files = [
    {file = "aioconsole-0.8.1-py3-none-any.whl", hash = "sha256:e1023685cde35dde909fbf00631ffb2ed1c67fe0b7058ebb0892afbde5f213e5"},
    {file = "aioconsole-0.8.1.tar.gz", hash = "sha256:0535ce743ba468fb21a1ba43c9563032c779534d4ecd923a46dbd350ad91d234"},
]

[[package]]
name = "aiofile"
version = "3.9.0"
summary = ""
dependencies = [
    "caio",
]
files = [
    {file = "aiofile-3.9.0-py3-none-any.whl", hash = "sha256:ce2f6c1571538cbdfa0143b04e16b208ecb0e9cb4148e528af8a640ed51cc8aa"},
    {file = "aiofile-3.9.0.tar.gz", hash = "sha256:e5ad718bb148b265b6df1b3752c4d1d83024b93da9bd599df74b9d9ffcf7919b"},
]

[[package]]
name = "aiopath"
version = "0.7.7"
summary = ""
dependencies = [
    "aiofile",
    "anyio",
]
files = [
    {file = "aiopath-0.7.7-py2.py3-none-any.whl", hash = "sha256:cd5d18de8ede167e1db659f02ee448fe085f923cb8e194407ccc568bffc4fe4e"},
    {file = "aiopath-0.7.7.tar.gz", hash = "sha256:ad4b9d09ae08ddf6d39dd06e7b0a353939e89528da571c0cd4f3fe071aefad4f"},
]

[[package]]
name = "annotated-types"
version = "0.7.0"
summary = ""
files = [
    {file = "annotated_types-0.7.0-py3-none-any.whl", hash = "sha256:1f02e8b43a8fbbc3f3e0d4f0f4bfc8131bcb4eebe8849b8e5c773f3a1c582a53"},
    {file = "annotated_types-0.7.0.tar.gz", hash = "sha256:aff07c09a53a08bc8cfccb9c85b05f1aa9a2a6f23728d790723543408344ce89"},
]

[[package]]
name = "anyio"
version = "4.7.0"
summary = ""
dependencies = [
    "idna",
    "sniffio",
]
files = [
    {file = "anyio-4.7.0-py3-none-any.whl", hash = "sha256:ea60c3723ab42ba6fff7e8ccb0488c898ec538ff4df1f1d5e642c3601d07e352"},
    {file = "anyio-4.7.0.tar.gz", hash = "sha256:2f834749c602966b7d456a7567cafcb309f96482b5081d14ac93ccd457f9dd48"},
]

[[package]]
name = "arrow"
version = "1.3.0"
summary = ""
dependencies = [
    "python-dateutil",
    "types-python-dateutil",
]
files = [
    {file = "arrow-1.3.0-py3-none-any.whl", hash = "sha256:c728b120ebc00eb84e01882a6f5e7927a53960aa990ce7dd2b10f39005a67f80"},
    {file = "arrow-1.3.0.tar.gz", hash = "sha256:d4540617648cb5f895730f1ad8c82a65f2dad0166f57b75f3ca54759c4d67a85"},
]

[[package]]
name = "asttokens"
version = "2.4.1"
summary = ""
dependencies = [
    "six",
]
files = [
    {file = "asttokens-2.4.1-py2.py3-none-any.whl", hash = "sha256:051ed49c3dcae8913ea7cd08e46a606dba30b79993209636c4875bc1d637bc24"},
    {file = "asttokens-2.4.1.tar.gz", hash = "sha256:b03869718ba9a6eb027e134bfdf69f38a236d681c83c160d510768af11254ba0"},
]

[[package]]
name = "autotyping"
version = "24.9.0"
summary = ""
dependencies = [
    "libcst",
    "typing-extensions",
]
files = [
    {file = "autotyping-24.9.0-py3-none-any.whl", hash = "sha256:9c16b0bcab310a2dfe5228bb01c4d1dd5499e7bf67fc6b7915c35267c665b498"},
    {file = "autotyping-24.9.0.tar.gz", hash = "sha256:d7e9787aca0f69b089431581f703c53210d2cf39e792e2106759d04034c1251b"},
]

[[package]]
name = "bevy"
version = "2.0.2"
summary = ""
files = [
    {file = "bevy-2.0.2-py3-none-any.whl", hash = "sha256:bbe5c87027a43fef958698b7bf3bd7d6fbc45b08cd572debf625f2f61651873d"},
    {file = "bevy-2.0.2.tar.gz", hash = "sha256:e80ba57ec85acf393836b73c21800cbc4c8af827b61ed7d3d7ac99d5d3d53646"},
]

[[package]]
name = "blake3"
version = "1.0.0"
summary = ""
files = [
    {file = "blake3-1.0.0-cp313-cp313-macosx_10_12_x86_64.whl", hash = "sha256:5b0fc061cee3d27672baa3526217747a0b91c728e8eb2235cfc9c94ce77e6cb8"},
    {file = "blake3-1.0.0-cp313-cp313-macosx_11_0_arm64.whl", hash = "sha256:109e8dda9c017c4d8ebc0f3e28c0586b793789b0a0b49e46f8f46b268afa04c9"},
    {file = "blake3-1.0.0-cp313-cp313-manylinux_2_17_aarch64.manylinux2014_aarch64.whl", hash = "sha256:d16739031ae34dc2e377b0a6c689ed0bdade937d125159c1d037ce3609860760"},
    {file = "blake3-1.0.0-cp313-cp313-manylinux_2_17_armv7l.manylinux2014_armv7l.whl", hash = "sha256:5977bd858d59e693f21ad5ed82776356df6f1d3b5b557a8fd5a918a994d71a21"},
    {file = "blake3-1.0.0-cp313-cp313-manylinux_2_17_i686.manylinux2014_i686.whl", hash = "sha256:12f5a7f52ea325026df06b6df030fc9f79f7bc23c8745c9161491ac1a0148988"},
    {file = "blake3-1.0.0-cp313-cp313-manylinux_2_17_ppc64le.manylinux2014_ppc64le.whl", hash = "sha256:76f45368fb0188f9856d6354baa0370058cbfb420b0579fa49bac54cd8a690a2"},
    {file = "blake3-1.0.0-cp313-cp313-manylinux_2_17_s390x.manylinux2014_s390x.whl", hash = "sha256:3b00c1703c593e52cccff5350a5deae9ce009d27fd906e3f35eafe3e38e8eabf"},
    {file = "blake3-1.0.0-cp313-cp313-manylinux_2_17_x86_64.manylinux2014_x86_64.whl", hash = "sha256:f456be40166f4cd8bc2bf4eaaf10a506a21c8522e138123d4693dceca150c88d"},
    {file = "blake3-1.0.0-cp313-cp313-musllinux_1_1_aarch64.whl", hash = "sha256:0852050db645ce4f6b7580ffabb8efea77b33fd7a9eeaa0085d8220901f5cf3e"},
    {file = "blake3-1.0.0-cp313-cp313-musllinux_1_1_x86_64.whl", hash = "sha256:534c6aab66afe23a03888b0f187e3827c646fd169469ef4039a3f2c210ab8f3e"},
    {file = "blake3-1.0.0-cp313-none-win32.whl", hash = "sha256:67618af9ffb9abcaadb1c7d7e345ea96b6041e37ff49b3a824ff525706e05c64"},
    {file = "blake3-1.0.0-cp313-none-win_amd64.whl", hash = "sha256:3d82fa10d99d241acd46cd2f7470daeea489126c00487cd0899e9da7b23eb8cc"},
    {file = "blake3-1.0.0.tar.gz", hash = "sha256:c117163d3bb9f65c2e78e04bbcab9b48d704f6106436a1dd6561f0e371610373"},
]

[[package]]
name = "blinker"
version = "1.9.0"
summary = ""
files = [
    {file = "blinker-1.9.0-py3-none-any.whl", hash = "sha256:ba0efaa9080b619ff2f3459d1d500c57bddea4a6b424b60a91141db6fd2f08bc"},
    {file = "blinker-1.9.0.tar.gz", hash = "sha256:b4ce2265a7abece45e7cc896e98dbebe6cead56bcf805a3d23136d145f5445bf"},
]

[[package]]
name = "brotli"
version = "1.1.0"
summary = ""
files = [
    {file = "Brotli-1.1.0-cp313-cp313-macosx_10_13_universal2.whl", hash = "sha256:8bf32b98b75c13ec7cf774164172683d6e7891088f6316e54425fde1efc276d5"},
    {file = "Brotli-1.1.0-cp313-cp313-macosx_10_13_x86_64.whl", hash = "sha256:7bc37c4d6b87fb1017ea28c9508b36bbcb0c3d18b4260fcdf08b200c74a6aee8"},
    {file = "Brotli-1.1.0-cp313-cp313-manylinux_2_17_aarch64.manylinux2014_aarch64.whl", hash = "sha256:3c0ef38c7a7014ffac184db9e04debe495d317cc9c6fb10071f7fefd93100a4f"},
    {file = "Brotli-1.1.0-cp313-cp313-manylinux_2_17_ppc64le.manylinux2014_ppc64le.whl", hash = "sha256:91d7cc2a76b5567591d12c01f019dd7afce6ba8cba6571187e21e2fc418ae648"},
    {file = "Brotli-1.1.0-cp313-cp313-manylinux_2_17_x86_64.manylinux2014_x86_64.whl", hash = "sha256:a93dde851926f4f2678e704fadeb39e16c35d8baebd5252c9fd94ce8ce68c4a0"},
    {file = "Brotli-1.1.0-cp313-cp313-manylinux_2_5_i686.manylinux1_i686.manylinux_2_17_i686.manylinux2014_i686.whl", hash = "sha256:f0db75f47be8b8abc8d9e31bc7aad0547ca26f24a54e6fd10231d623f183d089"},
    {file = "Brotli-1.1.0-cp313-cp313-musllinux_1_2_aarch64.whl", hash = "sha256:6967ced6730aed543b8673008b5a391c3b1076d834ca438bbd70635c73775368"},
    {file = "Brotli-1.1.0-cp313-cp313-musllinux_1_2_i686.whl", hash = "sha256:7eedaa5d036d9336c95915035fb57422054014ebdeb6f3b42eac809928e40d0c"},
    {file = "Brotli-1.1.0-cp313-cp313-musllinux_1_2_ppc64le.whl", hash = "sha256:d487f5432bf35b60ed625d7e1b448e2dc855422e87469e3f450aa5552b0eb284"},
    {file = "Brotli-1.1.0-cp313-cp313-musllinux_1_2_x86_64.whl", hash = "sha256:832436e59afb93e1836081a20f324cb185836c617659b07b129141a8426973c7"},
    {file = "Brotli-1.1.0-cp313-cp313-win32.whl", hash = "sha256:43395e90523f9c23a3d5bdf004733246fba087f2948f87ab28015f12359ca6a0"},
    {file = "Brotli-1.1.0-cp313-cp313-win_amd64.whl", hash = "sha256:9011560a466d2eb3f5a6e4929cf4a09be405c64154e12df0dd72713f6500e32b"},
    {file = "Brotli-1.1.0.tar.gz", hash = "sha256:81de08ac11bcb85841e440c13611c00b67d3bf82698314928d0b676362546724"},
]

[[package]]
name = "caio"
version = "0.9.17"
summary = ""
files = [
    {file = "caio-0.9.17-py3-none-any.whl", hash = "sha256:c55d4dc6b3a36f93237ecd6360e1c131c3808bc47d4191a130148a99b80bb311"},
    {file = "caio-0.9.17.tar.gz", hash = "sha256:8f30511526814d961aeef389ea6885273abe6c655f1e08abbadb95d12fdd9b4f"},
]

[[package]]
name = "certifi"
version = "2024.12.14"
summary = ""
files = [
    {file = "certifi-2024.12.14-py3-none-any.whl", hash = "sha256:1275f7a45be9464efc1173084eaa30f866fe2e47d389406136d332ed4967ec56"},
    {file = "certifi-2024.12.14.tar.gz", hash = "sha256:b650d30f370c2b724812bee08008be0c4163b163ddaec3f2546c1caf65f191db"},
]

[[package]]
name = "cfgv"
version = "3.4.0"
summary = ""
files = [
    {file = "cfgv-3.4.0-py2.py3-none-any.whl", hash = "sha256:b7265b1f29fd3316bfcd2b330d63d024f2bfd8bcb8b0272f8e19a504856c48f9"},
    {file = "cfgv-3.4.0.tar.gz", hash = "sha256:e52591d4c5f5dead8e0f673fb16db7949d2cfb3f7da4582893288f0ded8fe560"},
]

[[package]]
name = "click"
version = "8.1.8"
summary = ""
dependencies = [
    "colorama; platform_system == \"Windows\"",
]
files = [
    {file = "click-8.1.8-py3-none-any.whl", hash = "sha256:63c132bbbed01578a06712a2d1f497bb62d9c1c0d329b7903a866228027263b2"},
    {file = "click-8.1.8.tar.gz", hash = "sha256:ed53c9d8990d83c2a27deae68e4ee337473f6330c040a31d4225c9574d16096a"},
]

[[package]]
name = "colorama"
version = "0.4.6"
summary = ""
files = [
    {file = "colorama-0.4.6-py2.py3-none-any.whl", hash = "sha256:4f1d9991f5acc0ca119f9d443620b77f9d6b33703e51011c16baf57afb285fc6"},
    {file = "colorama-0.4.6.tar.gz", hash = "sha256:08695f5cb7ed6e0531a20572697297273c47b8cae5a63ffc6d6ed5c201be6e44"},
]

[[package]]
name = "crackerjack"
version = "0.10.6"
summary = ""
dependencies = [
    "acb",
    "aioconsole",
    "aiopath",
    "autotyping",
    "click",
    "inflection",
    "pdm",
    "pdm-bump",
    "pre-commit",
    "pydantic",
    "pytest",
    "uv",
]
files = [
    {file = "crackerjack-0.10.6-py3-none-any.whl", hash = "sha256:2362aed6f734843ac26304c9d6e29519f22096dfada29ce0b7e85a368609e43e"},
    {file = "crackerjack-0.10.6.tar.gz", hash = "sha256:e2ee0efedcee6c9cded6d0e0c91b4d601c89fca210989cd3eeba2cfde66ff31f"},
]

[[package]]
name = "dep-logic"
version = "0.4.10"
summary = ""
dependencies = [
    "packaging",
]
files = [
    {file = "dep_logic-0.4.10-py3-none-any.whl", hash = "sha256:5be313254e8fb7cbbc45f6d3c525373fdff174b601c8383234b449c0d12a6c75"},
    {file = "dep_logic-0.4.10.tar.gz", hash = "sha256:d2fe0626ae5700c5d3788f7105015a291bd1f4e4ae83287e7094e2feb503f859"},
]

[[package]]
name = "devtools"
version = "0.12.2"
summary = ""
dependencies = [
    "asttokens",
    "executing",
    "pygments",
]
files = [
    {file = "devtools-0.12.2-py3-none-any.whl", hash = "sha256:c366e3de1df4cdd635f1ad8cbcd3af01a384d7abda71900e68d43b04eb6aaca7"},
    {file = "devtools-0.12.2.tar.gz", hash = "sha256:efceab184cb35e3a11fa8e602cc4fadacaa2e859e920fc6f87bf130b69885507"},
]

[[package]]
name = "dill"
version = "0.3.9"
summary = ""
files = [
    {file = "dill-0.3.9-py3-none-any.whl", hash = "sha256:468dff3b89520b474c0397703366b7b95eebe6303f108adf9b19da1f702be87a"},
    {file = "dill-0.3.9.tar.gz", hash = "sha256:81aa267dddf68cbfe8029c42ca9ec6a4ab3b22371d1c450abc54422577b4512c"},
]

[[package]]
name = "distlib"
version = "0.3.9"
summary = ""
files = [
    {file = "distlib-0.3.9-py2.py3-none-any.whl", hash = "sha256:47f8c22fd27c27e25a65601af709b38e4f0a45ea4fc2e710f65755fa8caaaf87"},
    {file = "distlib-0.3.9.tar.gz", hash = "sha256:a60f20dea646b8a33f3e7772f74dc0b2d0772d2837ee1342a00645c81edf9403"},
]

[[package]]
name = "dnspython"
version = "2.7.0"
summary = ""
files = [
    {file = "dnspython-2.7.0-py3-none-any.whl", hash = "sha256:b4c34b7d10b51bcc3a5071e7b8dee77939f1e878477eeecc965e9835f63c6c86"},
    {file = "dnspython-2.7.0.tar.gz", hash = "sha256:ce9c432eda0dc91cf618a5cedf1a4e142651196bbcd2c80e89ed5a907e5cfaf1"},
]

[[package]]
name = "email-validator"
version = "2.2.0"
summary = ""
dependencies = [
    "dnspython",
    "idna",
]
files = [
    {file = "email_validator-2.2.0-py3-none-any.whl", hash = "sha256:561977c2d73ce3611850a06fa56b414621e0c8faa9d66f2611407d87465da631"},
    {file = "email_validator-2.2.0.tar.gz", hash = "sha256:cb690f344c617a714f22e66ae771445a1ceb46821152df8e165c5f9a364582b7"},
]

[[package]]
name = "executing"
version = "2.1.0"
summary = ""
files = [
    {file = "executing-2.1.0-py2.py3-none-any.whl", hash = "sha256:8d63781349375b5ebccc3142f4b30350c0cd9c79f921cde38be2be4637e98eaf"},
    {file = "executing-2.1.0.tar.gz", hash = "sha256:8ea27ddd260da8150fa5a708269c4a10e76161e2496ec3e587da9e3c0fe4b9ab"},
]

[[package]]
name = "filelock"
version = "3.16.1"
summary = ""
files = [
    {file = "filelock-3.16.1-py3-none-any.whl", hash = "sha256:2082e5703d51fbf98ea75855d9d5527e33d8ff23099bec374a134febee6946b0"},
    {file = "filelock-3.16.1.tar.gz", hash = "sha256:c249fbfcd5db47e5e2d6d62198e565475ee65e4831e2561c8e313fa7eb961435"},
]

[[package]]
name = "findpython"
version = "0.6.2"
summary = ""
dependencies = [
    "packaging",
]
files = [
    {file = "findpython-0.6.2-py3-none-any.whl", hash = "sha256:bda62477f858ea623ef2269f5e734469a018104a5f6c0fd9317ba238464ddb76"},
    {file = "findpython-0.6.2.tar.gz", hash = "sha256:e0c75ba9f35a7f9bb4423eb31bd17358cccf15761b6837317719177aeff46723"},
]

[[package]]
name = "google-crc32c"
version = "1.6.0"
summary = ""
files = [
    {file = "google_crc32c-1.6.0.tar.gz", hash = "sha256:6eceb6ad197656a1ff49ebfbbfa870678c75be4344feb35ac1edf694309413dc"},
]

[[package]]
name = "h11"
version = "0.14.0"
summary = ""
files = [
    {file = "h11-0.14.0-py3-none-any.whl", hash = "sha256:e3fe4ac4b851c468cc8363d500db52c2ead036020723024a109d37346efaa761"},
    {file = "h11-0.14.0.tar.gz", hash = "sha256:8f19fbbe99e72420ff35c00b27a34cb9937e902a8b810e2c88300c6f0a3b699d"},
]

[[package]]
name = "hishel"
version = "0.1.1"
summary = ""
dependencies = [
    "httpx",
]
files = [
    {file = "hishel-0.1.1-py3-none-any.whl", hash = "sha256:5b51acc340303faeef2f5cfc1658acb1db1fdc3e3ad76406265a485f9707c5d6"},
    {file = "hishel-0.1.1.tar.gz", hash = "sha256:1f6421b78cc23fc43c610f651b7848c9b8eee2d29551d64a2ab0d45b319b6559"},
]

[[package]]
name = "httpcore"
version = "1.0.7"
summary = ""
dependencies = [
    "certifi",
    "h11",
]
files = [
    {file = "httpcore-1.0.7-py3-none-any.whl", hash = "sha256:a3fff8f43dc260d5bd363d9f9cf1830fa3a458b332856f34282de498ed420edd"},
    {file = "httpcore-1.0.7.tar.gz", hash = "sha256:8551cb62a169ec7162ac7be8d4817d561f60e08eaa485234898414bb5a8a0b4c"},
]

[[package]]
name = "httpx"
version = "0.28.1"
summary = ""
dependencies = [
    "anyio",
    "certifi",
    "httpcore",
    "idna",
]
files = [
    {file = "httpx-0.28.1-py3-none-any.whl", hash = "sha256:d909fcccc110f8c7faf814ca82a9a4d816bc5a6dbfea25d6591d6985b8ba59ad"},
    {file = "httpx-0.28.1.tar.gz", hash = "sha256:75e98c5f16b0f35b567856f597f06ff2270a374470a5c2392242528e3e3e42fc"},
]

[[package]]
name = "httpx"
version = "0.28.1"
extras = ["socks"]
summary = ""
dependencies = [
    "httpx==0.28.1",
    "socksio",
]
files = [
    {file = "httpx-0.28.1-py3-none-any.whl", hash = "sha256:d909fcccc110f8c7faf814ca82a9a4d816bc5a6dbfea25d6591d6985b8ba59ad"},
    {file = "httpx-0.28.1.tar.gz", hash = "sha256:75e98c5f16b0f35b567856f597f06ff2270a374470a5c2392242528e3e3e42fc"},
]

[[package]]
name = "icecream"
version = "2.1.3"
summary = ""
dependencies = [
    "asttokens",
    "colorama",
    "executing",
    "pygments",
]
files = [
    {file = "icecream-2.1.3-py2.py3-none-any.whl", hash = "sha256:757aec31ad4488b949bc4f499d18e6e5973c40cc4d4fc607229e78cfaec94c34"},
    {file = "icecream-2.1.3.tar.gz", hash = "sha256:0aa4a7c3374ec36153a1d08f81e3080e83d8ac1eefd97d2f4fe9544e8f9b49de"},
]

[[package]]
name = "identify"
version = "2.6.4"
summary = ""
files = [
    {file = "identify-2.6.4-py2.py3-none-any.whl", hash = "sha256:993b0f01b97e0568c179bb9196391ff391bfb88a99099dbf5ce392b68f42d0af"},
    {file = "identify-2.6.4.tar.gz", hash = "sha256:285a7d27e397652e8cafe537a6cc97dd470a970f48fb2e9d979aa38eae5513ac"},
]

[[package]]
name = "idna"
version = "3.10"
summary = ""
files = [
    {file = "idna-3.10-py3-none-any.whl", hash = "sha256:946d195a0d259cbba61165e88e65941f16e9b36ea6ddb97f00452bae8b1287d3"},
    {file = "idna-3.10.tar.gz", hash = "sha256:12f65c9b470abda6dc35cf8e63cc574b1c52b11df2c86030af0ac09b01b13ea9"},
]

[[package]]
name = "inflection"
version = "0.5.1"
summary = ""
files = [
    {file = "inflection-0.5.1-py2.py3-none-any.whl", hash = "sha256:f38b2b640938a4f35ade69ac3d053042959b62a0f1076a5bbaa1b9526605a8a2"},
    {file = "inflection-0.5.1.tar.gz", hash = "sha256:1a29730d366e996aaacffb2f1f1cb9593dc38e2ddd30c91250c6dde09ea9b417"},
]

[[package]]
name = "iniconfig"
version = "2.0.0"
summary = ""
files = [
    {file = "iniconfig-2.0.0-py3-none-any.whl", hash = "sha256:b6a85871a79d2e3b22d2d1b94ac2824226a63c6b741c88f7ae975f18b6778374"},
    {file = "iniconfig-2.0.0.tar.gz", hash = "sha256:2d91e135bf72d31a410b17c16da610a82cb55f6b0477d1a902134b24a455b8b3"},
]

[[package]]
name = "installer"
version = "0.7.0"
summary = ""
files = [
    {file = "installer-0.7.0-py3-none-any.whl", hash = "sha256:05d1933f0a5ba7d8d6296bb6d5018e7c94fa473ceb10cf198a92ccea19c27b53"},
    {file = "installer-0.7.0.tar.gz", hash = "sha256:a26d3e3116289bb08216e0d0f7d925fcef0b0194eedfa0c944bcaaa106c4b631"},
]

[[package]]
name = "itsdangerous"
version = "2.2.0"
summary = ""
files = [
    {file = "itsdangerous-2.2.0-py3-none-any.whl", hash = "sha256:c6242fc49e35958c8b15141343aa660db5fc54d4f13a1db01a3f5891b98700ef"},
    {file = "itsdangerous-2.2.0.tar.gz", hash = "sha256:e0050c0b7da1eea53ffaf149c0cfbb5c6e2e2b69c4bef22c81fa6eb73e5f6173"},
]

[[package]]
name = "jinja2"
version = "3.1.5"
summary = ""
dependencies = [
    "markupsafe",
]
files = [
    {file = "jinja2-3.1.5-py3-none-any.whl", hash = "sha256:aba0f4dc9ed8013c424088f68a5c226f7d6097ed89b246d7749c2ec4175c6adb"},
    {file = "jinja2-3.1.5.tar.gz", hash = "sha256:8fefff8dc3034e27bb80d67c671eb8a9bc424c0ef4c0826edbff304cceff43bb"},
]

[[package]]
name = "jinja2-async-environment"
version = "0.9.1"
summary = ""
dependencies = [
    "jinja2",
    "redis",
]
files = [
    {file = "jinja2_async_environment-0.9.1-py3-none-any.whl", hash = "sha256:76ae309c4fc2cfe53588c93c6a013fb5c0b3e9d05c9990792a5143852d24a1f2"},
    {file = "jinja2_async_environment-0.9.1.tar.gz", hash = "sha256:0ee41a9e590e248ea9a6af081a90b117e61ef13f7fab8acaffea450491c29899"},
]

[[package]]
name = "libcst"
version = "1.5.1"
summary = ""
dependencies = [
    "pyyaml",
]
files = [
    {file = "libcst-1.5.1-cp313-cp313-macosx_10_13_x86_64.whl", hash = "sha256:06a9b4c9b76da4a7399e6f1f3a325196fb5febd3ea59fac1f68e2116f3517cd8"},
    {file = "libcst-1.5.1-cp313-cp313-macosx_11_0_arm64.whl", hash = "sha256:940ec4c8db4c2d620a7268d6c83e64ff646e4afd74ae5183d0f0ef3b80e05be0"},
    {file = "libcst-1.5.1-cp313-cp313-manylinux_2_17_aarch64.manylinux2014_aarch64.whl", hash = "sha256:fbccb016b1ac6d892344300dcccc8a16887b71bb7f875ba56c0ed6c1a7ade8be"},
    {file = "libcst-1.5.1-cp313-cp313-manylinux_2_17_x86_64.manylinux2014_x86_64.whl", hash = "sha256:c615af2117320e9a218083c83ec61227d3547e38a0de80329376971765f27a9e"},
    {file = "libcst-1.5.1-cp313-cp313-manylinux_2_5_i686.manylinux1_i686.manylinux_2_17_i686.manylinux2014_i686.whl", hash = "sha256:02b38fa4d9f13e79fe69e9b5407b9e173557bcfb5960f7866cf4145af9c7ae09"},
    {file = "libcst-1.5.1-cp313-cp313-musllinux_1_2_aarch64.whl", hash = "sha256:3334afe9e7270e175de01198f816b0dc78dda94d9d72152b61851c323e4e741e"},
    {file = "libcst-1.5.1-cp313-cp313-musllinux_1_2_x86_64.whl", hash = "sha256:26c804fa8091747128579013df0b5f8e6b0c7904d9c4ee83841f136f53e18684"},
    {file = "libcst-1.5.1-cp313-cp313-win_amd64.whl", hash = "sha256:b5a0d3c632aa2b21c5fa145e4e8dbf86f45c9b37a64c0b7221a5a45caf58915a"},
    {file = "libcst-1.5.1.tar.gz", hash = "sha256:71cb294db84df9e410208009c732628e920111683c2f2b2e0c5b71b98464f365"},
]

[[package]]
name = "loguru"
version = "0.7.3"
summary = ""
dependencies = [
    "colorama; sys_platform == \"win32\"",
    "win32-setctime; sys_platform == \"win32\"",
]
files = [
    {file = "loguru-0.7.3-py3-none-any.whl", hash = "sha256:31a33c10c8e1e10422bfd431aeb5d351c7cf7fa671e3c4df004162264b28220c"},
    {file = "loguru-0.7.3.tar.gz", hash = "sha256:19480589e77d47b8d85b2c827ad95d49bf31b0dcde16593892eb51dd18706eb6"},
]

[[package]]
name = "markdown-it-py"
version = "3.0.0"
summary = ""
dependencies = [
    "mdurl",
]
files = [
    {file = "markdown-it-py-3.0.0.tar.gz", hash = "sha256:e3f60a94fa066dc52ec76661e37c851cb232d92f9886b15cb560aaada2df8feb"},
    {file = "markdown_it_py-3.0.0-py3-none-any.whl", hash = "sha256:355216845c60bd96232cd8d8c40e8f9765cc86f46880e43a8fd22dc1a1a8cab1"},
]

[[package]]
name = "markupsafe"
version = "3.0.2"
summary = ""
files = [
    {file = "MarkupSafe-3.0.2-cp313-cp313-macosx_10_13_universal2.whl", hash = "sha256:ba9527cdd4c926ed0760bc301f6728ef34d841f405abf9d4f959c478421e4efd"},
    {file = "MarkupSafe-3.0.2-cp313-cp313-macosx_11_0_arm64.whl", hash = "sha256:f8b3d067f2e40fe93e1ccdd6b2e1d16c43140e76f02fb1319a05cf2b79d99430"},
    {file = "MarkupSafe-3.0.2-cp313-cp313-manylinux_2_17_aarch64.manylinux2014_aarch64.whl", hash = "sha256:569511d3b58c8791ab4c2e1285575265991e6d8f8700c7be0e88f86cb0672094"},
    {file = "MarkupSafe-3.0.2-cp313-cp313-manylinux_2_17_x86_64.manylinux2014_x86_64.whl", hash = "sha256:15ab75ef81add55874e7ab7055e9c397312385bd9ced94920f2802310c930396"},
    {file = "MarkupSafe-3.0.2-cp313-cp313-manylinux_2_5_i686.manylinux1_i686.manylinux_2_17_i686.manylinux2014_i686.whl", hash = "sha256:f3818cb119498c0678015754eba762e0d61e5b52d34c8b13d770f0719f7b1d79"},
    {file = "MarkupSafe-3.0.2-cp313-cp313-musllinux_1_2_aarch64.whl", hash = "sha256:cdb82a876c47801bb54a690c5ae105a46b392ac6099881cdfb9f6e95e4014c6a"},
    {file = "MarkupSafe-3.0.2-cp313-cp313-musllinux_1_2_i686.whl", hash = "sha256:cabc348d87e913db6ab4aa100f01b08f481097838bdddf7c7a84b7575b7309ca"},
    {file = "MarkupSafe-3.0.2-cp313-cp313-musllinux_1_2_x86_64.whl", hash = "sha256:444dcda765c8a838eaae23112db52f1efaf750daddb2d9ca300bcae1039adc5c"},
    {file = "MarkupSafe-3.0.2-cp313-cp313-win32.whl", hash = "sha256:bcf3e58998965654fdaff38e58584d8937aa3096ab5354d493c77d1fdd66d7a1"},
    {file = "MarkupSafe-3.0.2-cp313-cp313-win_amd64.whl", hash = "sha256:e6a2a455bd412959b57a172ce6328d2dd1f01cb2135efda2e4576e8a23fa3b0f"},
    {file = "MarkupSafe-3.0.2-cp313-cp313t-macosx_10_13_universal2.whl", hash = "sha256:b5a6b3ada725cea8a5e634536b1b01c30bcdcd7f9c6fff4151548d5bf6b3a36c"},
    {file = "MarkupSafe-3.0.2-cp313-cp313t-macosx_11_0_arm64.whl", hash = "sha256:a904af0a6162c73e3edcb969eeeb53a63ceeb5d8cf642fade7d39e7963a22ddb"},
    {file = "MarkupSafe-3.0.2-cp313-cp313t-manylinux_2_17_aarch64.manylinux2014_aarch64.whl", hash = "sha256:4aa4e5faecf353ed117801a068ebab7b7e09ffb6e1d5e412dc852e0da018126c"},
    {file = "MarkupSafe-3.0.2-cp313-cp313t-manylinux_2_17_x86_64.manylinux2014_x86_64.whl", hash = "sha256:c0ef13eaeee5b615fb07c9a7dadb38eac06a0608b41570d8ade51c56539e509d"},
    {file = "MarkupSafe-3.0.2-cp313-cp313t-manylinux_2_5_i686.manylinux1_i686.manylinux_2_17_i686.manylinux2014_i686.whl", hash = "sha256:d16a81a06776313e817c951135cf7340a3e91e8c1ff2fac444cfd75fffa04afe"},
    {file = "MarkupSafe-3.0.2-cp313-cp313t-musllinux_1_2_aarch64.whl", hash = "sha256:6381026f158fdb7c72a168278597a5e3a5222e83ea18f543112b2662a9b699c5"},
    {file = "MarkupSafe-3.0.2-cp313-cp313t-musllinux_1_2_i686.whl", hash = "sha256:3d79d162e7be8f996986c064d1c7c817f6df3a77fe3d6859f6f9e7be4b8c213a"},
    {file = "MarkupSafe-3.0.2-cp313-cp313t-musllinux_1_2_x86_64.whl", hash = "sha256:131a3c7689c85f5ad20f9f6fb1b866f402c445b220c19fe4308c0b147ccd2ad9"},
    {file = "MarkupSafe-3.0.2-cp313-cp313t-win32.whl", hash = "sha256:ba8062ed2cf21c07a9e295d5b8a2a5ce678b913b45fdf68c32d95d6c1291e0b6"},
    {file = "MarkupSafe-3.0.2-cp313-cp313t-win_amd64.whl", hash = "sha256:e444a31f8db13eb18ada366ab3cf45fd4b31e4db1236a4448f68778c1d1a5a2f"},
    {file = "markupsafe-3.0.2.tar.gz", hash = "sha256:ee55d3edf80167e48ea11a923c7386f4669df67d7994554387f84e7d8b0a2bf0"},
]

[[package]]
name = "mdurl"
version = "0.1.2"
summary = ""
files = [
    {file = "mdurl-0.1.2-py3-none-any.whl", hash = "sha256:84008a41e51615a49fc9966191ff91509e3c40b939176e643fd50a5c2196b8f8"},
    {file = "mdurl-0.1.2.tar.gz", hash = "sha256:bb413d29f5eea38f31dd4754dd7377d4465116fb207585f97bf925588687c1ba"},
]

[[package]]
name = "msgpack"
version = "1.1.0"
summary = ""
files = [
    {file = "msgpack-1.1.0-cp313-cp313-macosx_10_13_universal2.whl", hash = "sha256:071603e2f0771c45ad9bc65719291c568d4edf120b44eb36324dcb02a13bfddf"},
    {file = "msgpack-1.1.0-cp313-cp313-macosx_10_13_x86_64.whl", hash = "sha256:0f92a83b84e7c0749e3f12821949d79485971f087604178026085f60ce109330"},
    {file = "msgpack-1.1.0-cp313-cp313-macosx_11_0_arm64.whl", hash = "sha256:4a1964df7b81285d00a84da4e70cb1383f2e665e0f1f2a7027e683956d04b734"},
    {file = "msgpack-1.1.0-cp313-cp313-manylinux_2_17_aarch64.manylinux2014_aarch64.whl", hash = "sha256:59caf6a4ed0d164055ccff8fe31eddc0ebc07cf7326a2aaa0dbf7a4001cd823e"},
    {file = "msgpack-1.1.0-cp313-cp313-manylinux_2_17_x86_64.manylinux2014_x86_64.whl", hash = "sha256:0907e1a7119b337971a689153665764adc34e89175f9a34793307d9def08e6ca"},
    {file = "msgpack-1.1.0-cp313-cp313-manylinux_2_5_i686.manylinux1_i686.manylinux_2_17_i686.manylinux2014_i686.whl", hash = "sha256:65553c9b6da8166e819a6aa90ad15288599b340f91d18f60b2061f402b9a4915"},
    {file = "msgpack-1.1.0-cp313-cp313-musllinux_1_2_aarch64.whl", hash = "sha256:7a946a8992941fea80ed4beae6bff74ffd7ee129a90b4dd5cf9c476a30e9708d"},
    {file = "msgpack-1.1.0-cp313-cp313-musllinux_1_2_i686.whl", hash = "sha256:4b51405e36e075193bc051315dbf29168d6141ae2500ba8cd80a522964e31434"},
    {file = "msgpack-1.1.0-cp313-cp313-musllinux_1_2_x86_64.whl", hash = "sha256:b4c01941fd2ff87c2a934ee6055bda4ed353a7846b8d4f341c428109e9fcde8c"},
    {file = "msgpack-1.1.0-cp313-cp313-win32.whl", hash = "sha256:7c9a35ce2c2573bada929e0b7b3576de647b0defbd25f5139dcdaba0ae35a4cc"},
    {file = "msgpack-1.1.0-cp313-cp313-win_amd64.whl", hash = "sha256:bce7d9e614a04d0883af0b3d4d501171fbfca038f12c77fa838d9f198147a23f"},
    {file = "msgpack-1.1.0.tar.gz", hash = "sha256:dd432ccc2c72b914e4cb77afce64aab761c1137cc698be3984eee260bcb2896e"},
]

[[package]]
name = "msgspec"
version = "0.19.0"
summary = ""
files = [
    {file = "msgspec-0.19.0-cp313-cp313-macosx_10_13_x86_64.whl", hash = "sha256:f12d30dd6266557aaaf0aa0f9580a9a8fbeadfa83699c487713e355ec5f0bd86"},
    {file = "msgspec-0.19.0-cp313-cp313-macosx_11_0_arm64.whl", hash = "sha256:82b2c42c1b9ebc89e822e7e13bbe9d17ede0c23c187469fdd9505afd5a481314"},
    {file = "msgspec-0.19.0-cp313-cp313-manylinux_2_17_aarch64.manylinux2014_aarch64.whl", hash = "sha256:19746b50be214a54239aab822964f2ac81e38b0055cca94808359d779338c10e"},
    {file = "msgspec-0.19.0-cp313-cp313-manylinux_2_17_x86_64.manylinux2014_x86_64.whl", hash = "sha256:60ef4bdb0ec8e4ad62e5a1f95230c08efb1f64f32e6e8dd2ced685bcc73858b5"},
    {file = "msgspec-0.19.0-cp313-cp313-musllinux_1_2_aarch64.whl", hash = "sha256:ac7f7c377c122b649f7545810c6cd1b47586e3aa3059126ce3516ac7ccc6a6a9"},
    {file = "msgspec-0.19.0-cp313-cp313-musllinux_1_2_x86_64.whl", hash = "sha256:a5bc1472223a643f5ffb5bf46ccdede7f9795078194f14edd69e3aab7020d327"},
    {file = "msgspec-0.19.0-cp313-cp313-win_amd64.whl", hash = "sha256:317050bc0f7739cb30d257ff09152ca309bf5a369854bbf1e57dffc310c1f20f"},
    {file = "msgspec-0.19.0.tar.gz", hash = "sha256:604037e7cd475345848116e89c553aa9a233259733ab51986ac924ab1b976f8e"},
]

[[package]]
name = "nest-asyncio"
version = "1.6.0"
summary = ""
files = [
    {file = "nest_asyncio-1.6.0-py3-none-any.whl", hash = "sha256:87af6efd6b5e897c81050477ef65c62e2b2f35d51703cae01aff2905b1852e1c"},
    {file = "nest_asyncio-1.6.0.tar.gz", hash = "sha256:6f172d5449aca15afd6c646851f4e31e02c598d553a667e38cafa997cfec55fe"},
]

[[package]]
name = "nodeenv"
version = "1.9.1"
summary = ""
files = [
    {file = "nodeenv-1.9.1-py2.py3-none-any.whl", hash = "sha256:ba11c9782d29c27c70ffbdda2d7415098754709be8a7056d79a737cd901155c9"},
    {file = "nodeenv-1.9.1.tar.gz", hash = "sha256:6ec12890a2dab7946721edbfbcd91f3319c6ccc9aec47be7c7e6b7011ee6645f"},
]

[[package]]
name = "packaging"
version = "24.2"
summary = ""
files = [
    {file = "packaging-24.2-py3-none-any.whl", hash = "sha256:09abb1bccd265c01f4a3aa3f7a7db064b36514d2cba19a2f694fe6150451a759"},
    {file = "packaging-24.2.tar.gz", hash = "sha256:c228a6dc5e932d346bc5739379109d49e8853dd8223571c7c5b55260edc0b97f"},
]

[[package]]
name = "pbs-installer"
version = "2024.12.19"
summary = ""
files = [
    {file = "pbs_installer-2024.12.19-py3-none-any.whl", hash = "sha256:692393a8c7ed1879833eb6fba8e5de45f10a10a1fe6bb12e78c1e4f7bbdb4fcf"},
    {file = "pbs_installer-2024.12.19.tar.gz", hash = "sha256:7b0f3a3c9a08516ead1c539e51c01c041971cd156047d2e8fedd8a9809eef2a4"},
]

[[package]]
name = "pdm"
version = "2.22.1"
summary = ""
dependencies = [
    "blinker",
    "certifi",
    "dep-logic",
    "filelock",
    "findpython",
    "hishel",
    "httpcore",
    "httpx",
    "installer",
    "msgpack",
    "packaging",
    "pbs-installer",
    "platformdirs",
    "pyproject-hooks",
    "python-dotenv",
    "resolvelib",
    "rich",
    "shellingham",
    "tomlkit",
    "truststore",
    "unearth",
    "virtualenv",
]
files = [
    {file = "pdm-2.22.1-py3-none-any.whl", hash = "sha256:d87375e9e213dcce150ede4d92efebeecab492cf020ab95b2a80a823c4abdc16"},
    {file = "pdm-2.22.1.tar.gz", hash = "sha256:6d3276ed8efc7d118a1667a871570b50d84025b2ad461598b7a2558610999330"},
]

[[package]]
name = "pdm-bump"
version = "0.9.10"
summary = ""
dependencies = [
    "annotated-types",
    "pdm",
    "pdm-pfsc",
    "pyproject-metadata",
    "tomlkit",
]
files = [
    {file = "pdm_bump-0.9.10-py3-none-any.whl", hash = "sha256:5c4b85b3e667dd3599aca68af0c0d95a0bdf01b4d8899072c17dc18e59fcd43c"},
    {file = "pdm_bump-0.9.10.tar.gz", hash = "sha256:b30e672c82a7636404a84871a261f2cb4c3553e7e4c3c92defd4f8f036c2fbde"},
]

[[package]]
name = "pdm-pfsc"
version = "0.12.2"
summary = ""
dependencies = [
    "pdm",
    "pyproject-metadata",
]
files = [
    {file = "pdm_pfsc-0.12.2-py3-none-any.whl", hash = "sha256:fc1872e325ca61d2d98b98a87a3d22a663d4349493835801a4d3a26f24ff86dc"},
]

[[package]]
name = "platformdirs"
version = "4.3.6"
summary = ""
files = [
    {file = "platformdirs-4.3.6-py3-none-any.whl", hash = "sha256:73e575e1408ab8103900836b97580d5307456908a03e92031bab39e4554cc3fb"},
    {file = "platformdirs-4.3.6.tar.gz", hash = "sha256:357fb2acbc885b0419afd3ce3ed34564c13c9b95c89360cd9563f73aa5e2b907"},
]

[[package]]
name = "pluggy"
version = "1.5.0"
summary = ""
files = [
    {file = "pluggy-1.5.0-py3-none-any.whl", hash = "sha256:44e1ad92c8ca002de6377e165f3e0f1be63266ab4d554740532335b9d75ea669"},
    {file = "pluggy-1.5.0.tar.gz", hash = "sha256:2cffa88e94fdc978c4c574f15f9e59b7f4201d439195c3715ca9e2486f1d0cf1"},
]

[[package]]
name = "pre-commit"
version = "4.0.1"
summary = ""
dependencies = [
    "cfgv",
    "identify",
    "nodeenv",
    "pyyaml",
    "virtualenv",
]
files = [
    {file = "pre_commit-4.0.1-py2.py3-none-any.whl", hash = "sha256:efde913840816312445dc98787724647c65473daefe420785f885e8ed9a06878"},
    {file = "pre_commit-4.0.1.tar.gz", hash = "sha256:80905ac375958c0444c65e9cebebd948b3cdb518f335a091a670a89d652139d2"},
]

[[package]]
name = "pydantic"
version = "2.10.4"
summary = ""
dependencies = [
    "annotated-types",
    "pydantic-core",
    "typing-extensions",
]
files = [
    {file = "pydantic-2.10.4-py3-none-any.whl", hash = "sha256:597e135ea68be3a37552fb524bc7d0d66dcf93d395acd93a00682f1efcb8ee3d"},
    {file = "pydantic-2.10.4.tar.gz", hash = "sha256:82f12e9723da6de4fe2ba888b5971157b3be7ad914267dea8f05f82b28254f06"},
]

[[package]]
name = "pydantic-core"
version = "2.27.2"
summary = ""
dependencies = [
    "typing-extensions",
]
files = [
    {file = "pydantic_core-2.27.2-cp313-cp313-macosx_10_12_x86_64.whl", hash = "sha256:7d14bd329640e63852364c306f4d23eb744e0f8193148d4044dd3dacdaacbd8b"},
    {file = "pydantic_core-2.27.2-cp313-cp313-macosx_11_0_arm64.whl", hash = "sha256:82f91663004eb8ed30ff478d77c4d1179b3563df6cdb15c0817cd1cdaf34d154"},
    {file = "pydantic_core-2.27.2-cp313-cp313-manylinux_2_17_aarch64.manylinux2014_aarch64.whl", hash = "sha256:71b24c7d61131bb83df10cc7e687433609963a944ccf45190cfc21e0887b08c9"},
    {file = "pydantic_core-2.27.2-cp313-cp313-manylinux_2_17_armv7l.manylinux2014_armv7l.whl", hash = "sha256:fa8e459d4954f608fa26116118bb67f56b93b209c39b008277ace29937453dc9"},
    {file = "pydantic_core-2.27.2-cp313-cp313-manylinux_2_17_ppc64le.manylinux2014_ppc64le.whl", hash = "sha256:ce8918cbebc8da707ba805b7fd0b382816858728ae7fe19a942080c24e5b7cd1"},
    {file = "pydantic_core-2.27.2-cp313-cp313-manylinux_2_17_s390x.manylinux2014_s390x.whl", hash = "sha256:eda3f5c2a021bbc5d976107bb302e0131351c2ba54343f8a496dc8783d3d3a6a"},
    {file = "pydantic_core-2.27.2-cp313-cp313-manylinux_2_17_x86_64.manylinux2014_x86_64.whl", hash = "sha256:bd8086fa684c4775c27f03f062cbb9eaa6e17f064307e86b21b9e0abc9c0f02e"},
    {file = "pydantic_core-2.27.2-cp313-cp313-manylinux_2_5_i686.manylinux1_i686.whl", hash = "sha256:8d9b3388db186ba0c099a6d20f0604a44eabdeef1777ddd94786cdae158729e4"},
    {file = "pydantic_core-2.27.2-cp313-cp313-musllinux_1_1_aarch64.whl", hash = "sha256:7a66efda2387de898c8f38c0cf7f14fca0b51a8ef0b24bfea5849f1b3c95af27"},
    {file = "pydantic_core-2.27.2-cp313-cp313-musllinux_1_1_armv7l.whl", hash = "sha256:18a101c168e4e092ab40dbc2503bdc0f62010e95d292b27827871dc85450d7ee"},
    {file = "pydantic_core-2.27.2-cp313-cp313-musllinux_1_1_x86_64.whl", hash = "sha256:ba5dd002f88b78a4215ed2f8ddbdf85e8513382820ba15ad5ad8955ce0ca19a1"},
    {file = "pydantic_core-2.27.2-cp313-cp313-win32.whl", hash = "sha256:1ebaf1d0481914d004a573394f4be3a7616334be70261007e47c2a6fe7e50130"},
    {file = "pydantic_core-2.27.2-cp313-cp313-win_amd64.whl", hash = "sha256:953101387ecf2f5652883208769a79e48db18c6df442568a0b5ccd8c2723abee"},
    {file = "pydantic_core-2.27.2-cp313-cp313-win_arm64.whl", hash = "sha256:ac4dbfd1691affb8f48c2c13241a2e3b60ff23247cbcf981759c768b6633cf8b"},
    {file = "pydantic_core-2.27.2.tar.gz", hash = "sha256:eb026e5a4c1fee05726072337ff51d1efb6f59090b7da90d30ea58625b1ffb39"},
]

[[package]]
name = "pydantic-settings"
version = "2.7.0"
summary = ""
dependencies = [
    "pydantic",
    "python-dotenv",
]
files = [
    {file = "pydantic_settings-2.7.0-py3-none-any.whl", hash = "sha256:e00c05d5fa6cbbb227c84bd7487c5c1065084119b750df7c8c1a554aed236eb5"},
    {file = "pydantic_settings-2.7.0.tar.gz", hash = "sha256:ac4bfd4a36831a48dbf8b2d9325425b549a0a6f18cea118436d728eb4f1c4d66"},
]

[[package]]
name = "pydantic"
version = "2.10.4"
extras = ["email"]
summary = ""
dependencies = [
    "email-validator",
    "pydantic==2.10.4",
]
files = [
    {file = "pydantic-2.10.4-py3-none-any.whl", hash = "sha256:597e135ea68be3a37552fb524bc7d0d66dcf93d395acd93a00682f1efcb8ee3d"},
    {file = "pydantic-2.10.4.tar.gz", hash = "sha256:82f12e9723da6de4fe2ba888b5971157b3be7ad914267dea8f05f82b28254f06"},
]

[[package]]
name = "pyfiglet"
version = "1.0.2"
summary = ""
files = [
    {file = "pyfiglet-1.0.2-py3-none-any.whl", hash = "sha256:889b351d79c99e50a3f619c8f8e6ffdb27fd8c939fc43ecbd7559bd57d5f93ea"},
    {file = "pyfiglet-1.0.2.tar.gz", hash = "sha256:758788018ab8faaddc0984e1ea05ff330d3c64be663c513cc1f105f6a3066dab"},
]

[[package]]
name = "pygments"
version = "2.18.0"
summary = ""
files = [
    {file = "pygments-2.18.0-py3-none-any.whl", hash = "sha256:b8e6aca0523f3ab76fee51799c488e38782ac06eafcf95e7ba832985c8e7b13a"},
    {file = "pygments-2.18.0.tar.gz", hash = "sha256:786ff802f32e91311bff3889f6e9a86e81505fe99f2735bb6d60ae0c5004f199"},
]

[[package]]
name = "pyproject-hooks"
version = "1.2.0"
summary = ""
files = [
    {file = "pyproject_hooks-1.2.0-py3-none-any.whl", hash = "sha256:9e5c6bfa8dcc30091c74b0cf803c81fdd29d94f01992a7707bc97babb1141913"},
    {file = "pyproject_hooks-1.2.0.tar.gz", hash = "sha256:1e859bd5c40fae9448642dd871adf459e5e2084186e8d2c2a79a824c970da1f8"},
]

[[package]]
name = "pyproject-metadata"
version = "0.9.0"
summary = ""
dependencies = [
    "packaging",
]
files = [
    {file = "pyproject_metadata-0.9.0-py3-none-any.whl", hash = "sha256:fc862aab066a2e87734333293b0af5845fe8ac6cb69c451a41551001e923be0b"},
    {file = "pyproject_metadata-0.9.0.tar.gz", hash = "sha256:8511c00a4cad96686af6a6b4143433298beb96105a9379afdc9b0328f4f260c9"},
]

[[package]]
name = "pytest"
version = "8.3.4"
summary = ""
dependencies = [
    "colorama; sys_platform == \"win32\"",
    "iniconfig",
    "packaging",
    "pluggy",
]
files = [
    {file = "pytest-8.3.4-py3-none-any.whl", hash = "sha256:50e16d954148559c9a74109af1eaf0c945ba2d8f30f0a3d3335edde19788b6f6"},
    {file = "pytest-8.3.4.tar.gz", hash = "sha256:965370d062bce11e73868e0335abac31b4d3de0e82f4007408d242b4f8610761"},
]

[[package]]
name = "python-dateutil"
version = "2.9.0.post0"
summary = ""
dependencies = [
    "six",
]
files = [
    {file = "python-dateutil-2.9.0.post0.tar.gz", hash = "sha256:37dd54208da7e1cd875388217d5e00ebd4179249f90fb72437e91a35459a0ad3"},
    {file = "python_dateutil-2.9.0.post0-py2.py3-none-any.whl", hash = "sha256:a8b2bc7bffae282281c8140a97d3aa9c14da0b136dfe83f850eea9a5f7470427"},
]

[[package]]
name = "python-dotenv"
version = "1.0.1"
summary = ""
files = [
    {file = "python-dotenv-1.0.1.tar.gz", hash = "sha256:e324ee90a023d808f1959c46bcbc04446a10ced277783dc6ee09987c37ec10ca"},
    {file = "python_dotenv-1.0.1-py3-none-any.whl", hash = "sha256:f7b63ef50f1b690dddf550d03497b66d609393b40b564ed0d674909a68ebf16a"},
]

[[package]]
name = "pyyaml"
version = "6.0.2"
summary = ""
files = [
    {file = "PyYAML-6.0.2-cp313-cp313-macosx_10_13_x86_64.whl", hash = "sha256:efdca5630322a10774e8e98e1af481aad470dd62c3170801852d752aa7a783ba"},
    {file = "PyYAML-6.0.2-cp313-cp313-macosx_11_0_arm64.whl", hash = "sha256:50187695423ffe49e2deacb8cd10510bc361faac997de9efef88badc3bb9e2d1"},
    {file = "PyYAML-6.0.2-cp313-cp313-manylinux_2_17_aarch64.manylinux2014_aarch64.whl", hash = "sha256:0ffe8360bab4910ef1b9e87fb812d8bc0a308b0d0eef8c8f44e0254ab3b07133"},
    {file = "PyYAML-6.0.2-cp313-cp313-manylinux_2_17_s390x.manylinux2014_s390x.whl", hash = "sha256:17e311b6c678207928d649faa7cb0d7b4c26a0ba73d41e99c4fff6b6c3276484"},
    {file = "PyYAML-6.0.2-cp313-cp313-manylinux_2_17_x86_64.manylinux2014_x86_64.whl", hash = "sha256:70b189594dbe54f75ab3a1acec5f1e3faa7e8cf2f1e08d9b561cb41b845f69d5"},
    {file = "PyYAML-6.0.2-cp313-cp313-musllinux_1_1_aarch64.whl", hash = "sha256:41e4e3953a79407c794916fa277a82531dd93aad34e29c2a514c2c0c5fe971cc"},
    {file = "PyYAML-6.0.2-cp313-cp313-musllinux_1_1_x86_64.whl", hash = "sha256:68ccc6023a3400877818152ad9a1033e3db8625d899c72eacb5a668902e4d652"},
    {file = "PyYAML-6.0.2-cp313-cp313-win32.whl", hash = "sha256:bc2fa7c6b47d6bc618dd7fb02ef6fdedb1090ec036abab80d4681424b84c1183"},
    {file = "PyYAML-6.0.2-cp313-cp313-win_amd64.whl", hash = "sha256:8388ee1976c416731879ac16da0aff3f63b286ffdd57cdeb95f3f2e085687563"},
    {file = "pyyaml-6.0.2.tar.gz", hash = "sha256:d584d9ec91ad65861cc08d42e834324ef890a082e591037abe114850ff7bbc3e"},
]

[[package]]
name = "redis"
version = "5.2.1"
summary = ""
files = [
    {file = "redis-5.2.1-py3-none-any.whl", hash = "sha256:ee7e1056b9aea0f04c6c2ed59452947f34c4940ee025f5dd83e6a6418b6989e4"},
    {file = "redis-5.2.1.tar.gz", hash = "sha256:16f2e22dff21d5125e8481515e386711a34cbec50f0e44413dd7d9c060a54e0f"},
]

[[package]]
name = "resolvelib"
version = "1.1.0"
summary = ""
files = [
    {file = "resolvelib-1.1.0-py2.py3-none-any.whl", hash = "sha256:f80de38ae744bcf4e918e27a681a5c6cb63a08d9a926c0989c0730bcdd089049"},
    {file = "resolvelib-1.1.0.tar.gz", hash = "sha256:b68591ef748f58c1e2a2ac28d0961b3586ae8b25f60b0ba9a5e4f3d87c1d6a79"},
]

[[package]]
name = "rich"
version = "13.9.4"
summary = ""
dependencies = [
    "markdown-it-py",
    "pygments",
]
files = [
    {file = "rich-13.9.4-py3-none-any.whl", hash = "sha256:6049d5e6ec054bf2779ab3358186963bac2ea89175919d699e378b99738c2a90"},
    {file = "rich-13.9.4.tar.gz", hash = "sha256:439594978a49a09530cff7ebc4b5c7103ef57baf48d5ea3184f21d9a2befa098"},
]

[[package]]
name = "shellingham"
version = "1.5.4"
summary = ""
files = [
    {file = "shellingham-1.5.4-py2.py3-none-any.whl", hash = "sha256:7ecfff8f2fd72616f7481040475a65b2bf8af90a56c89140852d1120324e8686"},
    {file = "shellingham-1.5.4.tar.gz", hash = "sha256:8dbca0739d487e5bd35ab3ca4b36e11c4078f3a234bfce294b0a0291363404de"},
]

[[package]]
name = "six"
version = "1.17.0"
summary = ""
files = [
    {file = "six-1.17.0-py2.py3-none-any.whl", hash = "sha256:4721f391ed90541fddacab5acf947aa0d3dc7d27b2e1e8eda2be8970586c3274"},
    {file = "six-1.17.0.tar.gz", hash = "sha256:ff70335d468e7eb6ec65b95b99d3a2836546063f63acc5171de367e834932a81"},
]

[[package]]
name = "sniffio"
version = "1.3.1"
summary = ""
files = [
    {file = "sniffio-1.3.1-py3-none-any.whl", hash = "sha256:2f6da418d1f1e0fddd844478f41680e794e6051915791a034ff65e5f100525a2"},
    {file = "sniffio-1.3.1.tar.gz", hash = "sha256:f4324edc670a0f49750a81b895f35c3adb843cca46f0530f79fc1babb23789dc"},
]

[[package]]
name = "socksio"
version = "1.0.0"
summary = ""
files = [
    {file = "socksio-1.0.0-py3-none-any.whl", hash = "sha256:95dc1f15f9b34e8d7b16f06d74b8ccf48f609af32ab33c608d08761c5dcbb1f3"},
    {file = "socksio-1.0.0.tar.gz", hash = "sha256:f88beb3da5b5c38b9890469de67d0cb0f9d494b78b106ca1845f96c10b91c4ac"},
]

[[package]]
name = "starlette"
version = "0.45.0"
summary = ""
dependencies = [
    "anyio",
]
files = [
    {file = "starlette-0.45.0-py3-none-any.whl", hash = "sha256:c911ba0e86eed5b336931623f45e56a8c6d76c618f2749d9f5ed9ee55a5bf1bb"},
    {file = "starlette-0.45.0.tar.gz", hash = "sha256:ca7ee855c243a058a2f24bc832b8072bade47fbc2672ce4b98de66c7f6c924f0"},
]

[[package]]
name = "tomli-w"
version = "1.1.0"
summary = ""
files = [
    {file = "tomli_w-1.1.0-py3-none-any.whl", hash = "sha256:1403179c78193e3184bfaade390ddbd071cba48a32a2e62ba11aae47490c63f7"},
    {file = "tomli_w-1.1.0.tar.gz", hash = "sha256:49e847a3a304d516a169a601184932ef0f6b61623fe680f836a2aa7128ed0d33"},
]

[[package]]
name = "tomlkit"
version = "0.13.2"
summary = ""
files = [
    {file = "tomlkit-0.13.2-py3-none-any.whl", hash = "sha256:7a974427f6e119197f670fbbbeae7bef749a6c14e793db934baefc1b5f03efde"},
    {file = "tomlkit-0.13.2.tar.gz", hash = "sha256:fff5fe59a87295b278abd31bec92c15d9bc4a06885ab12bcea52c71119392e79"},
]

[[package]]
name = "truststore"
version = "0.10.0"
summary = ""
files = [
    {file = "truststore-0.10.0-py3-none-any.whl", hash = "sha256:b3798548e421ffe2ca2a6217cca49e7a17baf40b72d86a5505dc7d701e77d15b"},
    {file = "truststore-0.10.0.tar.gz", hash = "sha256:5da347c665714fdfbd46f738c823fe9f0d8775e41ac5fb94f325749091187896"},
]

[[package]]
name = "typer"
version = "0.15.1"
summary = ""
dependencies = [
    "click",
    "rich",
    "shellingham",
    "typing-extensions",
]
files = [
    {file = "typer-0.15.1-py3-none-any.whl", hash = "sha256:7994fb7b8155b64d3402518560648446072864beefd44aa2dc36972a5972e847"},
    {file = "typer-0.15.1.tar.gz", hash = "sha256:a0588c0a7fa68a1978a069818657778f86abe6ff5ea6abf472f940a08bfe4f0a"},
]

[[package]]
name = "types-python-dateutil"
version = "2.9.0.20241206"
summary = ""
files = [
    {file = "types_python_dateutil-2.9.0.20241206-py3-none-any.whl", hash = "sha256:e248a4bc70a486d3e3ec84d0dc30eec3a5f979d6e7ee4123ae043eedbb987f53"},
    {file = "types_python_dateutil-2.9.0.20241206.tar.gz", hash = "sha256:18f493414c26ffba692a72369fea7a154c502646301ebfe3d56a04b3767284cb"},
]

[[package]]
name = "typing-extensions"
version = "4.12.2"
summary = ""
files = [
    {file = "typing_extensions-4.12.2-py3-none-any.whl", hash = "sha256:04e5ca0351e0f3f85c6853954072df659d0d13fac324d0072316b67d7794700d"},
    {file = "typing_extensions-4.12.2.tar.gz", hash = "sha256:1a7ead55c7e559dd4dee8856e3a88b41225abfe1ce8df57b7c13915fe121ffb8"},
]

[[package]]
name = "unearth"
version = "0.17.2"
summary = ""
dependencies = [
    "httpx",
    "packaging",
]
files = [
    {file = "unearth-0.17.2-py3-none-any.whl", hash = "sha256:4d21af1238a583835fca156322f7225382e718cdcc42d6278050a88e605c4ad5"},
    {file = "unearth-0.17.2.tar.gz", hash = "sha256:0b8a2afd3476f1ab6155fc579501ac47fffe43547d88a70e5a5b76a7fe6caa2c"},
]

[[package]]
name = "uv"
version = "0.5.13"
summary = ""
files = [
    {file = "uv-0.5.13-py3-none-linux_armv6l.whl", hash = "sha256:45301cb355fc0525e692d220ea7cb196e8378a53162b27d6eea6e65c7635ed3d"},
    {file = "uv-0.5.13-py3-none-macosx_10_12_x86_64.whl", hash = "sha256:ff96602b7d391f35dc25122c2661e680a9e94864e96801611ef05c853826c82c"},
    {file = "uv-0.5.13-py3-none-macosx_11_0_arm64.whl", hash = "sha256:941c13f15a8726a2f5ad3fffa0bbe98e221c98fbe73adbca62cf327bd3fb029c"},
    {file = "uv-0.5.13-py3-none-manylinux_2_17_aarch64.manylinux2014_aarch64.musllinux_1_1_aarch64.whl", hash = "sha256:642d7e62c376487a63a03fb830749fb24dd7653f715864df2fb8788f29dfb85e"},
    {file = "uv-0.5.13-py3-none-manylinux_2_17_armv7l.manylinux2014_armv7l.whl", hash = "sha256:b5aab53db952f7f4505cfc2f62ecedb4a7977d746622f67cbadf052bef0d916e"},
    {file = "uv-0.5.13-py3-none-manylinux_2_17_i686.manylinux2014_i686.whl", hash = "sha256:f57250f46914affab4e4ca50822f1fbc7910df01818a22b7d91d4f5ccc5eb80c"},
    {file = "uv-0.5.13-py3-none-manylinux_2_17_ppc64.manylinux2014_ppc64.whl", hash = "sha256:6fb26d2b6d4b6467b98acc22b67bbdd16360a1b843842d7cd77ff4df70884567"},
    {file = "uv-0.5.13-py3-none-manylinux_2_17_ppc64le.manylinux2014_ppc64le.whl", hash = "sha256:414dd7083bd7e06ab2db0ee6cfe81b0810c416e79ff1643701e15e2df5e1db2b"},
    {file = "uv-0.5.13-py3-none-manylinux_2_17_s390x.manylinux2014_s390x.whl", hash = "sha256:01fc5e928efba822ff28007f827c3c274b644508253fe358ec79085bae1da0c9"},
    {file = "uv-0.5.13-py3-none-manylinux_2_17_x86_64.manylinux2014_x86_64.whl", hash = "sha256:82479440765e507af1f2732bd496ec6ed849488f5ce310b8556cfe8c12da1c5f"},
    {file = "uv-0.5.13-py3-none-manylinux_2_28_aarch64.whl", hash = "sha256:18f2141e71f6cb4c0ab44f1a100838d336f14c1d7a1c62444c79c2c2554331be"},
    {file = "uv-0.5.13-py3-none-musllinux_1_1_armv7l.whl", hash = "sha256:4c2e75845c9c5adae3e8274967f70023b740488d732f88100baeef70090b60a0"},
    {file = "uv-0.5.13-py3-none-musllinux_1_1_i686.whl", hash = "sha256:6de38097d5efa86ae62a71ff268e16f7eab86f4afa63c32b546cb7f5a182874f"},
    {file = "uv-0.5.13-py3-none-musllinux_1_1_x86_64.whl", hash = "sha256:30440409a28f1d5d34af8839a48ba9c26da06fc295f363ba9b12689b796453d4"},
    {file = "uv-0.5.13-py3-none-win32.whl", hash = "sha256:df2a751e8319e11ef2d8bec30d549ee13949027aaa936ab2a0ab126602f4232b"},
    {file = "uv-0.5.13-py3-none-win_amd64.whl", hash = "sha256:4219f1ed370bb2cec5f10dcc93fa9ecf5615fa67e0b71eef4817d571291f0bfc"},
    {file = "uv-0.5.13.tar.gz", hash = "sha256:58a66786f2e95c89539bafd819cf2959f56199457301eac8faa920c1872c4f36"},
]

[[package]]
name = "virtualenv"
version = "20.28.0"
summary = ""
dependencies = [
    "distlib",
    "filelock",
    "platformdirs",
]
files = [
    {file = "virtualenv-20.28.0-py3-none-any.whl", hash = "sha256:23eae1b4516ecd610481eda647f3a7c09aea295055337331bb4e6892ecce47b0"},
    {file = "virtualenv-20.28.0.tar.gz", hash = "sha256:2c9c3262bb8e7b87ea801d715fae4495e6032450c71d2309be9550e7364049aa"},
]

[[package]]
name = "win32-setctime"
version = "1.2.0"
summary = ""
files = [
    {file = "win32_setctime-1.2.0-py3-none-any.whl", hash = "sha256:95d644c4e708aba81dc3704a116d8cbc974d70b3bdb8be1d150e36be6e9d1390"},
    {file = "win32_setctime-1.2.0.tar.gz", hash = "sha256:ae1fdf948f5640aae05c511ade119313fb6a30d7eabe25fef9764dca5873c4c0"},
]
